// !$*UTF8*$!
{
	archiveVersion = 1;
	classes = {
	};
	objectVersion = 46;
	objects = {

/* Begin PBXBuildFile section */
		2D1425B81D8FCAB200C5AD2E /* BPVImageView.m in Sources */ = {isa = PBXBuildFile; fileRef = 2D1425B01D8FCAB200C5AD2E /* BPVImageView.m */; };
		2D1425B91D8FCAB200C5AD2E /* BPVLoadingView.m in Sources */ = {isa = PBXBuildFile; fileRef = 2D1425B31D8FCAB200C5AD2E /* BPVLoadingView.m */; };
		2D1425BA1D8FCAB200C5AD2E /* BPVLoadingView.xib in Resources */ = {isa = PBXBuildFile; fileRef = 2D1425B41D8FCAB200C5AD2E /* BPVLoadingView.xib */; };
		2D1425BB1D8FCAB200C5AD2E /* BPVView.m in Sources */ = {isa = PBXBuildFile; fileRef = 2D1425B71D8FCAB200C5AD2E /* BPVView.m */; };
		2D1425C21D915F4900C5AD2E /* BPVUserView.m in Sources */ = {isa = PBXBuildFile; fileRef = 2D1425C11D915F4900C5AD2E /* BPVUserView.m */; };
		2D1425C81D9161D000C5AD2E /* BPVUserViewController.m in Sources */ = {isa = PBXBuildFile; fileRef = 2D1425C61D9161D000C5AD2E /* BPVUserViewController.m */; };
		2D1425C91D9161D000C5AD2E /* BPVUserViewController.xib in Resources */ = {isa = PBXBuildFile; fileRef = 2D1425C71D9161D000C5AD2E /* BPVUserViewController.xib */; };
		2D1425D11D92755E00C5AD2E /* BPVViewController.m in Sources */ = {isa = PBXBuildFile; fileRef = 2D1425D01D92755E00C5AD2E /* BPVViewController.m */; };
		2D328D6F1D5CADF70064C76D /* BPVImage.m in Sources */ = {isa = PBXBuildFile; fileRef = 2D328D661D5CADF70064C76D /* BPVImage.m */; };
		2D328D701D5CADF70064C76D /* BPVUser.m in Sources */ = {isa = PBXBuildFile; fileRef = 2D328D691D5CADF70064C76D /* BPVUser.m */; };
		2D328D721D5CADF70064C76D /* BPVUsers.m in Sources */ = {isa = PBXBuildFile; fileRef = 2D328D6E1D5CADF70064C76D /* BPVUsers.m */; };
		2D3F41D11D3F65EB00A38A7B /* iOSProjectUITests.m in Sources */ = {isa = PBXBuildFile; fileRef = 2D3F41D01D3F65EB00A38A7B /* iOSProjectUITests.m */; };
		2D3F41EF1D3F6EB600A38A7B /* LaunchScreen.storyboard in Resources */ = {isa = PBXBuildFile; fileRef = 2D3F41E51D3F6EB600A38A7B /* LaunchScreen.storyboard */; };
		2D3F41F01D3F6EB600A38A7B /* Main.storyboard in Resources */ = {isa = PBXBuildFile; fileRef = 2D3F41E71D3F6EB600A38A7B /* Main.storyboard */; };
		2D3F41F31D3F6EC400A38A7B /* Assets.xcassets in Resources */ = {isa = PBXBuildFile; fileRef = 2D3F41E41D3F6EB600A38A7B /* Assets.xcassets */; };
		2D3F41F41D3F6EC500A38A7B /* Assets.xcassets in Resources */ = {isa = PBXBuildFile; fileRef = 2D3F41E41D3F6EB600A38A7B /* Assets.xcassets */; };
		2D3F41FD1D3FA29800A38A7B /* BPVAppDelegate.m in Sources */ = {isa = PBXBuildFile; fileRef = 2D3F41FA1D3FA29800A38A7B /* BPVAppDelegate.m */; };
		2D3F41FF1D3FA29800A38A7B /* main.m in Sources */ = {isa = PBXBuildFile; fileRef = 2D3F41FC1D3FA29800A38A7B /* main.m */; };
		2D3F424B1D4C021500A38A7B /* BPVBackgroundView.m in Sources */ = {isa = PBXBuildFile; fileRef = 2D3F42461D4C021500A38A7B /* BPVBackgroundView.m */; };
		2D3F424C1D4C021500A38A7B /* BPVSquareViewController.m in Sources */ = {isa = PBXBuildFile; fileRef = 2D3F42481D4C021500A38A7B /* BPVSquareViewController.m */; };
		2D3F424D1D4C021500A38A7B /* BPVSquareViewController.xib in Resources */ = {isa = PBXBuildFile; fileRef = 2D3F42491D4C021500A38A7B /* BPVSquareViewController.xib */; };
		2D4828991D6AEADC00AF3617 /* BPVGCD.m in Sources */ = {isa = PBXBuildFile; fileRef = 2D4828981D6AEADC00AF3617 /* BPVGCD.m */; };
		2D805EF71D8AD0140057A232 /* BPVAddModel+BPVArrayModel.m in Sources */ = {isa = PBXBuildFile; fileRef = 2D805EB21D8AD0140057A232 /* BPVAddModel+BPVArrayModel.m */; };
		2D805EF81D8AD0140057A232 /* BPVArrayChange+BPVArrayModel.m in Sources */ = {isa = PBXBuildFile; fileRef = 2D805EB41D8AD0140057A232 /* BPVArrayChange+BPVArrayModel.m */; };
		2D805EF91D8AD0140057A232 /* BPVMoveModel+BPVArrayModel.m in Sources */ = {isa = PBXBuildFile; fileRef = 2D805EB71D8AD0140057A232 /* BPVMoveModel+BPVArrayModel.m */; };
		2D805EFA1D8AD0140057A232 /* BPVRemoveModel+BPVArrayModel.m in Sources */ = {isa = PBXBuildFile; fileRef = 2D805EBA1D8AD0140057A232 /* BPVRemoveModel+BPVArrayModel.m */; };
		2D805EFB1D8AD0140057A232 /* BPVAddModel+UITableView.m in Sources */ = {isa = PBXBuildFile; fileRef = 2D805EBE1D8AD0140057A232 /* BPVAddModel+UITableView.m */; };
		2D805EFC1D8AD0140057A232 /* BPVArrayChange+UITableView.m in Sources */ = {isa = PBXBuildFile; fileRef = 2D805EC01D8AD0140057A232 /* BPVArrayChange+UITableView.m */; };
		2D805EFD1D8AD0140057A232 /* BPVMoveModel+UITableView.m in Sources */ = {isa = PBXBuildFile; fileRef = 2D805EC31D8AD0140057A232 /* BPVMoveModel+UITableView.m */; };
		2D805EFE1D8AD0140057A232 /* BPVRemoveModel+UITableView.m in Sources */ = {isa = PBXBuildFile; fileRef = 2D805EC61D8AD0140057A232 /* BPVRemoveModel+UITableView.m */; };
		2D805F001D8AD0140057A232 /* NSArray+BPVExtensions.m in Sources */ = {isa = PBXBuildFile; fileRef = 2D805ECC1D8AD0140057A232 /* NSArray+BPVExtensions.m */; };
		2D805F011D8AD0140057A232 /* NSBundle+BPVExtensions.m in Sources */ = {isa = PBXBuildFile; fileRef = 2D805ECF1D8AD0140057A232 /* NSBundle+BPVExtensions.m */; };
		2D805F021D8AD0140057A232 /* NSFileManager+BPVExtensions.m in Sources */ = {isa = PBXBuildFile; fileRef = 2D805ED41D8AD0140057A232 /* NSFileManager+BPVExtensions.m */; };
		2D805F031D8AD0140057A232 /* NSIndexPath+BPVExtensions.m in Sources */ = {isa = PBXBuildFile; fileRef = 2D805ED71D8AD0140057A232 /* NSIndexPath+BPVExtensions.m */; };
		2D805F041D8AD0140057A232 /* NSKeyedUnarchiver+BPVExtensions.m in Sources */ = {isa = PBXBuildFile; fileRef = 2D805EDA1D8AD0140057A232 /* NSKeyedUnarchiver+BPVExtensions.m */; };
		2D805F051D8AD0140057A232 /* NSMutableArray+BPVExtensions.m in Sources */ = {isa = PBXBuildFile; fileRef = 2D805EDD1D8AD0140057A232 /* NSMutableArray+BPVExtensions.m */; };
		2D805F061D8AD0140057A232 /* NSString+BPVExtensions.m in Sources */ = {isa = PBXBuildFile; fileRef = 2D805EE01D8AD0140057A232 /* NSString+BPVExtensions.m */; };
		2D805F071D8AD0140057A232 /* NSString+BPVRandomName.m in Sources */ = {isa = PBXBuildFile; fileRef = 2D805EE31D8AD0140057A232 /* NSString+BPVRandomName.m */; };
		2D805F081D8AD0140057A232 /* NSTimer+BPVExtensions.m in Sources */ = {isa = PBXBuildFile; fileRef = 2D805EE61D8AD0140057A232 /* NSTimer+BPVExtensions.m */; };
		2D805F091D8AD0140057A232 /* BPVSupportEntity.m in Sources */ = {isa = PBXBuildFile; fileRef = 2D805EEA1D8AD0140057A232 /* BPVSupportEntity.m */; };
		2D805F0A1D8AD0140057A232 /* UINib+BPVExtensions.m in Sources */ = {isa = PBXBuildFile; fileRef = 2D805EED1D8AD0140057A232 /* UINib+BPVExtensions.m */; };
		2D805F0B1D8AD0140057A232 /* UITableView+BPVExtensions.m in Sources */ = {isa = PBXBuildFile; fileRef = 2D805EF01D8AD0140057A232 /* UITableView+BPVExtensions.m */; };
		2D805F0C1D8AD0140057A232 /* UIViewController+BPVExtensions.m in Sources */ = {isa = PBXBuildFile; fileRef = 2D805EF31D8AD0140057A232 /* UIViewController+BPVExtensions.m */; };
		2D805F0D1D8AD0140057A232 /* UIWindow+BPVExtensions.m in Sources */ = {isa = PBXBuildFile; fileRef = 2D805EF61D8AD0140057A232 /* UIWindow+BPVExtensions.m */; };
		2D805F101D8AD3080057A232 /* BPVModel.m in Sources */ = {isa = PBXBuildFile; fileRef = 2D805F0F1D8AD3080057A232 /* BPVModel.m */; };
		2DA8E9621D4C89DC0067032D /* BPVObservableObject.m in Sources */ = {isa = PBXBuildFile; fileRef = 2DA8E9611D4C89DC0067032D /* BPVObservableObject.m */; };
		2DA8E9671D4CDE880067032D /* BPVTableViewCell.m in Sources */ = {isa = PBXBuildFile; fileRef = 2DA8E9661D4CDE880067032D /* BPVTableViewCell.m */; };
		2DA8E99E1D51DF010067032D /* BPVUserLogo.png in Resources */ = {isa = PBXBuildFile; fileRef = 2DA8E99D1D51DF010067032D /* BPVUserLogo.png */; };
		2DBE77B31D72BF2B0057DDC0 /* BPVArrayModelTest.m in Sources */ = {isa = PBXBuildFile; fileRef = 2DBE77B21D72BF2B0057DDC0 /* BPVArrayModelTest.m */; };
		2DD7637D1D782A0800CEB5EA /* BPVUsersView.m in Sources */ = {isa = PBXBuildFile; fileRef = 2DD763701D782A0800CEB5EA /* BPVUsersView.m */; };
		2DD7637E1D782A0800CEB5EA /* BPVUsersViewController.m in Sources */ = {isa = PBXBuildFile; fileRef = 2DD763721D782A0800CEB5EA /* BPVUsersViewController.m */; };
		2DD7637F1D782A0800CEB5EA /* BPVUsersViewController.xib in Resources */ = {isa = PBXBuildFile; fileRef = 2DD763731D782A0800CEB5EA /* BPVUsersViewController.xib */; };
		2DD763801D782A0800CEB5EA /* BPVUserCell.m in Sources */ = {isa = PBXBuildFile; fileRef = 2DD763771D782A0800CEB5EA /* BPVUserCell.m */; };
		2DD763811D782A0800CEB5EA /* BPVUserCell.xib in Resources */ = {isa = PBXBuildFile; fileRef = 2DD763781D782A0800CEB5EA /* BPVUserCell.xib */; };
		2DD763871D782A3000CEB5EA /* BPVTableViewController.m in Sources */ = {isa = PBXBuildFile; fileRef = 2DD763861D782A3000CEB5EA /* BPVTableViewController.m */; };
		2DD7639D1D786A2600CEB5EA /* BPVArrayChange.m in Sources */ = {isa = PBXBuildFile; fileRef = 2DD7638F1D786A2600CEB5EA /* BPVArrayChange.m */; };
		2DD7639E1D786A2600CEB5EA /* BPVOneIndexArrayChange.m in Sources */ = {isa = PBXBuildFile; fileRef = 2DD763921D786A2600CEB5EA /* BPVOneIndexArrayChange.m */; };
		2DD7639F1D786A2600CEB5EA /* BPVTwoIndexArrayChange.m in Sources */ = {isa = PBXBuildFile; fileRef = 2DD763951D786A2600CEB5EA /* BPVTwoIndexArrayChange.m */; };
		2DD763A01D786A2600CEB5EA /* BPVAddModel.m in Sources */ = {isa = PBXBuildFile; fileRef = 2DD763981D786A2600CEB5EA /* BPVAddModel.m */; };
		2DD763A11D786A2600CEB5EA /* BPVMoveModel.m in Sources */ = {isa = PBXBuildFile; fileRef = 2DD7639A1D786A2600CEB5EA /* BPVMoveModel.m */; };
		2DD763A21D786A2600CEB5EA /* BPVRemoveModel.m in Sources */ = {isa = PBXBuildFile; fileRef = 2DD7639C1D786A2600CEB5EA /* BPVRemoveModel.m */; };
		2DD763A61D786A3900CEB5EA /* BPVArrayModel.m in Sources */ = {isa = PBXBuildFile; fileRef = 2DD763A51D786A3900CEB5EA /* BPVArrayModel.m */; };
		2DD763B41D7D8BA500CEB5EA /* BPVQueue.m in Sources */ = {isa = PBXBuildFile; fileRef = 2DD763B31D7D8BA500CEB5EA /* BPVQueue.m */; };
		2DD763C01D7EC0C800CEB5EA /* BPVFilteredModel.m in Sources */ = {isa = PBXBuildFile; fileRef = 2DD763BF1D7EC0C800CEB5EA /* BPVFilteredModel.m */; };
		2DD763C71D82DE3B00CEB5EA /* BPVImagesCache.m in Sources */ = {isa = PBXBuildFile; fileRef = 2DD763C61D82DE3B00CEB5EA /* BPVImagesCache.m */; };
		2DD763D61D86DEBB00CEB5EA /* BPVInternetImage.m in Sources */ = {isa = PBXBuildFile; fileRef = 2DD763D51D86DEBB00CEB5EA /* BPVInternetImage.m */; };
		2DD764001D87F94100CEB5EA /* BPVLocalImage.m in Sources */ = {isa = PBXBuildFile; fileRef = 2DD763FF1D87F94100CEB5EA /* BPVLocalImage.m */; };
		2DE873A41D75C24800A3550A /* BPVMacro.m in Sources */ = {isa = PBXBuildFile; fileRef = 2DE873A31D75C24800A3550A /* BPVMacro.m */; };
		2DFBC5DA1D92E277001F3BFE /* BPVLoginView.m in Sources */ = {isa = PBXBuildFile; fileRef = 2DFBC5D91D92E277001F3BFE /* BPVLoginView.m */; };
		2DFBC5DE1D92E28C001F3BFE /* BPVLoginViewController.m in Sources */ = {isa = PBXBuildFile; fileRef = 2DFBC5DC1D92E28C001F3BFE /* BPVLoginViewController.m */; };
		2DFBC5DF1D92E28C001F3BFE /* BPVLoginViewController.xib in Resources */ = {isa = PBXBuildFile; fileRef = 2DFBC5DD1D92E28C001F3BFE /* BPVLoginViewController.xib */; };
		708B5D60EEBC9BC5CF87A1F3 /* libPods-iOSProject.a in Frameworks */ = {isa = PBXBuildFile; fileRef = 93DC5E7321121A6FAAED25EC /* libPods-iOSProject.a */; };
		90F58E8844B03E008B9F909B /* libPods-iOSProjectTests.a in Frameworks */ = {isa = PBXBuildFile; fileRef = E14945B9782108B5601F4979 /* libPods-iOSProjectTests.a */; };
/* End PBXBuildFile section */

/* Begin PBXContainerItemProxy section */
		2D3F41C21D3F65EB00A38A7B /* PBXContainerItemProxy */ = {
			isa = PBXContainerItemProxy;
			containerPortal = 2D3F41A01D3F65EB00A38A7B /* Project object */;
			proxyType = 1;
			remoteGlobalIDString = 2D3F41A71D3F65EB00A38A7B;
			remoteInfo = iOSProject;
		};
		2D3F41CD1D3F65EB00A38A7B /* PBXContainerItemProxy */ = {
			isa = PBXContainerItemProxy;
			containerPortal = 2D3F41A01D3F65EB00A38A7B /* Project object */;
			proxyType = 1;
			remoteGlobalIDString = 2D3F41A71D3F65EB00A38A7B;
			remoteInfo = iOSProject;
		};
/* End PBXContainerItemProxy section */

/* Begin PBXFileReference section */
		2809F6776B7F87F0D9655301 /* Pods-iOSProjectTests.debug.xcconfig */ = {isa = PBXFileReference; includeInIndex = 1; lastKnownFileType = text.xcconfig; name = "Pods-iOSProjectTests.debug.xcconfig"; path = "Pods/Target Support Files/Pods-iOSProjectTests/Pods-iOSProjectTests.debug.xcconfig"; sourceTree = "<group>"; };
		2D1425AF1D8FCAB200C5AD2E /* BPVImageView.h */ = {isa = PBXFileReference; fileEncoding = 4; lastKnownFileType = sourcecode.c.h; path = BPVImageView.h; sourceTree = "<group>"; };
		2D1425B01D8FCAB200C5AD2E /* BPVImageView.m */ = {isa = PBXFileReference; fileEncoding = 4; lastKnownFileType = sourcecode.c.objc; path = BPVImageView.m; sourceTree = "<group>"; };
		2D1425B21D8FCAB200C5AD2E /* BPVLoadingView.h */ = {isa = PBXFileReference; fileEncoding = 4; lastKnownFileType = sourcecode.c.h; path = BPVLoadingView.h; sourceTree = "<group>"; };
		2D1425B31D8FCAB200C5AD2E /* BPVLoadingView.m */ = {isa = PBXFileReference; fileEncoding = 4; lastKnownFileType = sourcecode.c.objc; path = BPVLoadingView.m; sourceTree = "<group>"; };
		2D1425B41D8FCAB200C5AD2E /* BPVLoadingView.xib */ = {isa = PBXFileReference; fileEncoding = 4; lastKnownFileType = file.xib; path = BPVLoadingView.xib; sourceTree = "<group>"; };
		2D1425B61D8FCAB200C5AD2E /* BPVView.h */ = {isa = PBXFileReference; fileEncoding = 4; lastKnownFileType = sourcecode.c.h; path = BPVView.h; sourceTree = "<group>"; };
		2D1425B71D8FCAB200C5AD2E /* BPVView.m */ = {isa = PBXFileReference; fileEncoding = 4; lastKnownFileType = sourcecode.c.objc; path = BPVView.m; sourceTree = "<group>"; };
		2D1425C01D915F4900C5AD2E /* BPVUserView.h */ = {isa = PBXFileReference; fileEncoding = 4; lastKnownFileType = sourcecode.c.h; path = BPVUserView.h; sourceTree = "<group>"; };
		2D1425C11D915F4900C5AD2E /* BPVUserView.m */ = {isa = PBXFileReference; fileEncoding = 4; lastKnownFileType = sourcecode.c.objc; path = BPVUserView.m; sourceTree = "<group>"; };
		2D1425C51D9161D000C5AD2E /* BPVUserViewController.h */ = {isa = PBXFileReference; fileEncoding = 4; lastKnownFileType = sourcecode.c.h; path = BPVUserViewController.h; sourceTree = "<group>"; };
		2D1425C61D9161D000C5AD2E /* BPVUserViewController.m */ = {isa = PBXFileReference; fileEncoding = 4; lastKnownFileType = sourcecode.c.objc; path = BPVUserViewController.m; sourceTree = "<group>"; };
		2D1425C71D9161D000C5AD2E /* BPVUserViewController.xib */ = {isa = PBXFileReference; fileEncoding = 4; lastKnownFileType = file.xib; path = BPVUserViewController.xib; sourceTree = "<group>"; };
		2D1425CF1D92755E00C5AD2E /* BPVViewController.h */ = {isa = PBXFileReference; fileEncoding = 4; lastKnownFileType = sourcecode.c.h; path = BPVViewController.h; sourceTree = "<group>"; };
		2D1425D01D92755E00C5AD2E /* BPVViewController.m */ = {isa = PBXFileReference; fileEncoding = 4; lastKnownFileType = sourcecode.c.objc; path = BPVViewController.m; sourceTree = "<group>"; };
		2D328D651D5CADF70064C76D /* BPVImage.h */ = {isa = PBXFileReference; fileEncoding = 4; lastKnownFileType = sourcecode.c.h; path = BPVImage.h; sourceTree = "<group>"; };
		2D328D661D5CADF70064C76D /* BPVImage.m */ = {isa = PBXFileReference; fileEncoding = 4; lastKnownFileType = sourcecode.c.objc; path = BPVImage.m; sourceTree = "<group>"; };
		2D328D681D5CADF70064C76D /* BPVUser.h */ = {isa = PBXFileReference; fileEncoding = 4; lastKnownFileType = sourcecode.c.h; path = BPVUser.h; sourceTree = "<group>"; };
		2D328D691D5CADF70064C76D /* BPVUser.m */ = {isa = PBXFileReference; fileEncoding = 4; lastKnownFileType = sourcecode.c.objc; path = BPVUser.m; sourceTree = "<group>"; };
		2D328D6D1D5CADF70064C76D /* BPVUsers.h */ = {isa = PBXFileReference; fileEncoding = 4; lastKnownFileType = sourcecode.c.h; path = BPVUsers.h; sourceTree = "<group>"; };
		2D328D6E1D5CADF70064C76D /* BPVUsers.m */ = {isa = PBXFileReference; fileEncoding = 4; lastKnownFileType = sourcecode.c.objc; path = BPVUsers.m; sourceTree = "<group>"; };
		2D3F41A81D3F65EB00A38A7B /* iOSProject.app */ = {isa = PBXFileReference; explicitFileType = wrapper.application; includeInIndex = 0; path = iOSProject.app; sourceTree = BUILT_PRODUCTS_DIR; };
		2D3F41C11D3F65EB00A38A7B /* iOSProjectTests.xctest */ = {isa = PBXFileReference; explicitFileType = wrapper.cfbundle; includeInIndex = 0; path = iOSProjectTests.xctest; sourceTree = BUILT_PRODUCTS_DIR; };
		2D3F41C71D3F65EB00A38A7B /* Info.plist */ = {isa = PBXFileReference; lastKnownFileType = text.plist.xml; path = Info.plist; sourceTree = "<group>"; };
		2D3F41CC1D3F65EB00A38A7B /* iOSProjectUITests.xctest */ = {isa = PBXFileReference; explicitFileType = wrapper.cfbundle; includeInIndex = 0; path = iOSProjectUITests.xctest; sourceTree = BUILT_PRODUCTS_DIR; };
		2D3F41D01D3F65EB00A38A7B /* iOSProjectUITests.m */ = {isa = PBXFileReference; lastKnownFileType = sourcecode.c.objc; path = iOSProjectUITests.m; sourceTree = "<group>"; };
		2D3F41D21D3F65EB00A38A7B /* Info.plist */ = {isa = PBXFileReference; lastKnownFileType = text.plist.xml; path = Info.plist; sourceTree = "<group>"; };
		2D3F41E41D3F6EB600A38A7B /* Assets.xcassets */ = {isa = PBXFileReference; lastKnownFileType = folder.assetcatalog; path = Assets.xcassets; sourceTree = "<group>"; };
		2D3F41E61D3F6EB600A38A7B /* Base */ = {isa = PBXFileReference; lastKnownFileType = file.storyboard; name = Base; path = Base.lproj/LaunchScreen.storyboard; sourceTree = "<group>"; };
		2D3F41E81D3F6EB600A38A7B /* Base */ = {isa = PBXFileReference; lastKnownFileType = file.storyboard; name = Base; path = Base.lproj/Main.storyboard; sourceTree = "<group>"; };
		2D3F41F91D3FA29800A38A7B /* BPVAppDelegate.h */ = {isa = PBXFileReference; fileEncoding = 4; lastKnownFileType = sourcecode.c.h; path = BPVAppDelegate.h; sourceTree = "<group>"; };
		2D3F41FA1D3FA29800A38A7B /* BPVAppDelegate.m */ = {isa = PBXFileReference; fileEncoding = 4; lastKnownFileType = sourcecode.c.objc; path = BPVAppDelegate.m; sourceTree = "<group>"; };
		2D3F41FB1D3FA29800A38A7B /* Info.plist */ = {isa = PBXFileReference; fileEncoding = 4; lastKnownFileType = text.plist.xml; path = Info.plist; sourceTree = "<group>"; };
		2D3F41FC1D3FA29800A38A7B /* main.m */ = {isa = PBXFileReference; fileEncoding = 4; lastKnownFileType = sourcecode.c.objc; path = main.m; sourceTree = "<group>"; };
		2D3F42451D4C021500A38A7B /* BPVBackgroundView.h */ = {isa = PBXFileReference; fileEncoding = 4; lastKnownFileType = sourcecode.c.h; path = BPVBackgroundView.h; sourceTree = "<group>"; };
		2D3F42461D4C021500A38A7B /* BPVBackgroundView.m */ = {isa = PBXFileReference; fileEncoding = 4; lastKnownFileType = sourcecode.c.objc; path = BPVBackgroundView.m; sourceTree = "<group>"; };
		2D3F42471D4C021500A38A7B /* BPVSquareViewController.h */ = {isa = PBXFileReference; fileEncoding = 4; lastKnownFileType = sourcecode.c.h; path = BPVSquareViewController.h; sourceTree = "<group>"; };
		2D3F42481D4C021500A38A7B /* BPVSquareViewController.m */ = {isa = PBXFileReference; fileEncoding = 4; lastKnownFileType = sourcecode.c.objc; path = BPVSquareViewController.m; sourceTree = "<group>"; };
		2D3F42491D4C021500A38A7B /* BPVSquareViewController.xib */ = {isa = PBXFileReference; fileEncoding = 4; lastKnownFileType = file.xib; path = BPVSquareViewController.xib; sourceTree = "<group>"; };
		2D4828971D6AEADC00AF3617 /* BPVGCD.h */ = {isa = PBXFileReference; fileEncoding = 4; lastKnownFileType = sourcecode.c.h; path = BPVGCD.h; sourceTree = "<group>"; };
		2D4828981D6AEADC00AF3617 /* BPVGCD.m */ = {isa = PBXFileReference; fileEncoding = 4; lastKnownFileType = sourcecode.c.objc; path = BPVGCD.m; sourceTree = "<group>"; };
		2D805EB11D8AD0140057A232 /* BPVAddModel+BPVArrayModel.h */ = {isa = PBXFileReference; fileEncoding = 4; lastKnownFileType = sourcecode.c.h; path = "BPVAddModel+BPVArrayModel.h"; sourceTree = "<group>"; };
		2D805EB21D8AD0140057A232 /* BPVAddModel+BPVArrayModel.m */ = {isa = PBXFileReference; fileEncoding = 4; lastKnownFileType = sourcecode.c.objc; path = "BPVAddModel+BPVArrayModel.m"; sourceTree = "<group>"; };
		2D805EB31D8AD0140057A232 /* BPVArrayChange+BPVArrayModel.h */ = {isa = PBXFileReference; fileEncoding = 4; lastKnownFileType = sourcecode.c.h; path = "BPVArrayChange+BPVArrayModel.h"; sourceTree = "<group>"; };
		2D805EB41D8AD0140057A232 /* BPVArrayChange+BPVArrayModel.m */ = {isa = PBXFileReference; fileEncoding = 4; lastKnownFileType = sourcecode.c.objc; path = "BPVArrayChange+BPVArrayModel.m"; sourceTree = "<group>"; };
		2D805EB61D8AD0140057A232 /* BPVMoveModel+BPVArrayModel.h */ = {isa = PBXFileReference; fileEncoding = 4; lastKnownFileType = sourcecode.c.h; path = "BPVMoveModel+BPVArrayModel.h"; sourceTree = "<group>"; };
		2D805EB71D8AD0140057A232 /* BPVMoveModel+BPVArrayModel.m */ = {isa = PBXFileReference; fileEncoding = 4; lastKnownFileType = sourcecode.c.objc; path = "BPVMoveModel+BPVArrayModel.m"; sourceTree = "<group>"; };
		2D805EB91D8AD0140057A232 /* BPVRemoveModel+BPVArrayModel.h */ = {isa = PBXFileReference; fileEncoding = 4; lastKnownFileType = sourcecode.c.h; path = "BPVRemoveModel+BPVArrayModel.h"; sourceTree = "<group>"; };
		2D805EBA1D8AD0140057A232 /* BPVRemoveModel+BPVArrayModel.m */ = {isa = PBXFileReference; fileEncoding = 4; lastKnownFileType = sourcecode.c.objc; path = "BPVRemoveModel+BPVArrayModel.m"; sourceTree = "<group>"; };
		2D805EBD1D8AD0140057A232 /* BPVAddModel+UITableView.h */ = {isa = PBXFileReference; fileEncoding = 4; lastKnownFileType = sourcecode.c.h; path = "BPVAddModel+UITableView.h"; sourceTree = "<group>"; };
		2D805EBE1D8AD0140057A232 /* BPVAddModel+UITableView.m */ = {isa = PBXFileReference; fileEncoding = 4; lastKnownFileType = sourcecode.c.objc; path = "BPVAddModel+UITableView.m"; sourceTree = "<group>"; };
		2D805EBF1D8AD0140057A232 /* BPVArrayChange+UITableView.h */ = {isa = PBXFileReference; fileEncoding = 4; lastKnownFileType = sourcecode.c.h; path = "BPVArrayChange+UITableView.h"; sourceTree = "<group>"; };
		2D805EC01D8AD0140057A232 /* BPVArrayChange+UITableView.m */ = {isa = PBXFileReference; fileEncoding = 4; lastKnownFileType = sourcecode.c.objc; path = "BPVArrayChange+UITableView.m"; sourceTree = "<group>"; };
		2D805EC21D8AD0140057A232 /* BPVMoveModel+UITableView.h */ = {isa = PBXFileReference; fileEncoding = 4; lastKnownFileType = sourcecode.c.h; path = "BPVMoveModel+UITableView.h"; sourceTree = "<group>"; };
		2D805EC31D8AD0140057A232 /* BPVMoveModel+UITableView.m */ = {isa = PBXFileReference; fileEncoding = 4; lastKnownFileType = sourcecode.c.objc; path = "BPVMoveModel+UITableView.m"; sourceTree = "<group>"; };
		2D805EC51D8AD0140057A232 /* BPVRemoveModel+UITableView.h */ = {isa = PBXFileReference; fileEncoding = 4; lastKnownFileType = sourcecode.c.h; path = "BPVRemoveModel+UITableView.h"; sourceTree = "<group>"; };
		2D805EC61D8AD0140057A232 /* BPVRemoveModel+UITableView.m */ = {isa = PBXFileReference; fileEncoding = 4; lastKnownFileType = sourcecode.c.objc; path = "BPVRemoveModel+UITableView.m"; sourceTree = "<group>"; };
		2D805ECB1D8AD0140057A232 /* NSArray+BPVExtensions.h */ = {isa = PBXFileReference; fileEncoding = 4; lastKnownFileType = sourcecode.c.h; path = "NSArray+BPVExtensions.h"; sourceTree = "<group>"; };
		2D805ECC1D8AD0140057A232 /* NSArray+BPVExtensions.m */ = {isa = PBXFileReference; fileEncoding = 4; lastKnownFileType = sourcecode.c.objc; path = "NSArray+BPVExtensions.m"; sourceTree = "<group>"; };
		2D805ECE1D8AD0140057A232 /* NSBundle+BPVExtensions.h */ = {isa = PBXFileReference; fileEncoding = 4; lastKnownFileType = sourcecode.c.h; path = "NSBundle+BPVExtensions.h"; sourceTree = "<group>"; };
		2D805ECF1D8AD0140057A232 /* NSBundle+BPVExtensions.m */ = {isa = PBXFileReference; fileEncoding = 4; lastKnownFileType = sourcecode.c.objc; path = "NSBundle+BPVExtensions.m"; sourceTree = "<group>"; };
		2D805ED11D8AD0140057A232 /* NSData+.h */ = {isa = PBXFileReference; fileEncoding = 4; lastKnownFileType = sourcecode.c.h; path = "NSData+.h"; sourceTree = "<group>"; };
		2D805ED31D8AD0140057A232 /* NSFileManager+BPVExtensions.h */ = {isa = PBXFileReference; fileEncoding = 4; lastKnownFileType = sourcecode.c.h; path = "NSFileManager+BPVExtensions.h"; sourceTree = "<group>"; };
		2D805ED41D8AD0140057A232 /* NSFileManager+BPVExtensions.m */ = {isa = PBXFileReference; fileEncoding = 4; lastKnownFileType = sourcecode.c.objc; path = "NSFileManager+BPVExtensions.m"; sourceTree = "<group>"; };
		2D805ED61D8AD0140057A232 /* NSIndexPath+BPVExtensions.h */ = {isa = PBXFileReference; fileEncoding = 4; lastKnownFileType = sourcecode.c.h; path = "NSIndexPath+BPVExtensions.h"; sourceTree = "<group>"; };
		2D805ED71D8AD0140057A232 /* NSIndexPath+BPVExtensions.m */ = {isa = PBXFileReference; fileEncoding = 4; lastKnownFileType = sourcecode.c.objc; path = "NSIndexPath+BPVExtensions.m"; sourceTree = "<group>"; };
		2D805ED91D8AD0140057A232 /* NSKeyedUnarchiver+BPVExtensions.h */ = {isa = PBXFileReference; fileEncoding = 4; lastKnownFileType = sourcecode.c.h; path = "NSKeyedUnarchiver+BPVExtensions.h"; sourceTree = "<group>"; };
		2D805EDA1D8AD0140057A232 /* NSKeyedUnarchiver+BPVExtensions.m */ = {isa = PBXFileReference; fileEncoding = 4; lastKnownFileType = sourcecode.c.objc; path = "NSKeyedUnarchiver+BPVExtensions.m"; sourceTree = "<group>"; };
		2D805EDC1D8AD0140057A232 /* NSMutableArray+BPVExtensions.h */ = {isa = PBXFileReference; fileEncoding = 4; lastKnownFileType = sourcecode.c.h; path = "NSMutableArray+BPVExtensions.h"; sourceTree = "<group>"; };
		2D805EDD1D8AD0140057A232 /* NSMutableArray+BPVExtensions.m */ = {isa = PBXFileReference; fileEncoding = 4; lastKnownFileType = sourcecode.c.objc; path = "NSMutableArray+BPVExtensions.m"; sourceTree = "<group>"; };
		2D805EDF1D8AD0140057A232 /* NSString+BPVExtensions.h */ = {isa = PBXFileReference; fileEncoding = 4; lastKnownFileType = sourcecode.c.h; path = "NSString+BPVExtensions.h"; sourceTree = "<group>"; };
		2D805EE01D8AD0140057A232 /* NSString+BPVExtensions.m */ = {isa = PBXFileReference; fileEncoding = 4; lastKnownFileType = sourcecode.c.objc; path = "NSString+BPVExtensions.m"; sourceTree = "<group>"; };
		2D805EE21D8AD0140057A232 /* NSString+BPVRandomName.h */ = {isa = PBXFileReference; fileEncoding = 4; lastKnownFileType = sourcecode.c.h; path = "NSString+BPVRandomName.h"; sourceTree = "<group>"; };
		2D805EE31D8AD0140057A232 /* NSString+BPVRandomName.m */ = {isa = PBXFileReference; fileEncoding = 4; lastKnownFileType = sourcecode.c.objc; path = "NSString+BPVRandomName.m"; sourceTree = "<group>"; };
		2D805EE51D8AD0140057A232 /* NSTimer+BPVExtensions.h */ = {isa = PBXFileReference; fileEncoding = 4; lastKnownFileType = sourcecode.c.h; path = "NSTimer+BPVExtensions.h"; sourceTree = "<group>"; };
		2D805EE61D8AD0140057A232 /* NSTimer+BPVExtensions.m */ = {isa = PBXFileReference; fileEncoding = 4; lastKnownFileType = sourcecode.c.objc; path = "NSTimer+BPVExtensions.m"; sourceTree = "<group>"; };
		2D805EE91D8AD0140057A232 /* BPVSupportEntity.h */ = {isa = PBXFileReference; fileEncoding = 4; lastKnownFileType = sourcecode.c.h; path = BPVSupportEntity.h; sourceTree = "<group>"; };
		2D805EEA1D8AD0140057A232 /* BPVSupportEntity.m */ = {isa = PBXFileReference; fileEncoding = 4; lastKnownFileType = sourcecode.c.objc; path = BPVSupportEntity.m; sourceTree = "<group>"; };
		2D805EEC1D8AD0140057A232 /* UINib+BPVExtensions.h */ = {isa = PBXFileReference; fileEncoding = 4; lastKnownFileType = sourcecode.c.h; path = "UINib+BPVExtensions.h"; sourceTree = "<group>"; };
		2D805EED1D8AD0140057A232 /* UINib+BPVExtensions.m */ = {isa = PBXFileReference; fileEncoding = 4; lastKnownFileType = sourcecode.c.objc; path = "UINib+BPVExtensions.m"; sourceTree = "<group>"; };
		2D805EEF1D8AD0140057A232 /* UITableView+BPVExtensions.h */ = {isa = PBXFileReference; fileEncoding = 4; lastKnownFileType = sourcecode.c.h; path = "UITableView+BPVExtensions.h"; sourceTree = "<group>"; };
		2D805EF01D8AD0140057A232 /* UITableView+BPVExtensions.m */ = {isa = PBXFileReference; fileEncoding = 4; lastKnownFileType = sourcecode.c.objc; path = "UITableView+BPVExtensions.m"; sourceTree = "<group>"; };
		2D805EF21D8AD0140057A232 /* UIViewController+BPVExtensions.h */ = {isa = PBXFileReference; fileEncoding = 4; lastKnownFileType = sourcecode.c.h; path = "UIViewController+BPVExtensions.h"; sourceTree = "<group>"; };
		2D805EF31D8AD0140057A232 /* UIViewController+BPVExtensions.m */ = {isa = PBXFileReference; fileEncoding = 4; lastKnownFileType = sourcecode.c.objc; path = "UIViewController+BPVExtensions.m"; sourceTree = "<group>"; };
		2D805EF51D8AD0140057A232 /* UIWindow+BPVExtensions.h */ = {isa = PBXFileReference; fileEncoding = 4; lastKnownFileType = sourcecode.c.h; path = "UIWindow+BPVExtensions.h"; sourceTree = "<group>"; };
		2D805EF61D8AD0140057A232 /* UIWindow+BPVExtensions.m */ = {isa = PBXFileReference; fileEncoding = 4; lastKnownFileType = sourcecode.c.objc; path = "UIWindow+BPVExtensions.m"; sourceTree = "<group>"; };
		2D805F0E1D8AD3080057A232 /* BPVModel.h */ = {isa = PBXFileReference; fileEncoding = 4; lastKnownFileType = sourcecode.c.h; name = BPVModel.h; path = Library/BPVModel/BPVModel.h; sourceTree = SOURCE_ROOT; };
		2D805F0F1D8AD3080057A232 /* BPVModel.m */ = {isa = PBXFileReference; fileEncoding = 4; lastKnownFileType = sourcecode.c.objc; name = BPVModel.m; path = Library/BPVModel/BPVModel.m; sourceTree = SOURCE_ROOT; };
		2DA8E9601D4C89DC0067032D /* BPVObservableObject.h */ = {isa = PBXFileReference; fileEncoding = 4; lastKnownFileType = sourcecode.c.h; path = BPVObservableObject.h; sourceTree = "<group>"; };
		2DA8E9611D4C89DC0067032D /* BPVObservableObject.m */ = {isa = PBXFileReference; fileEncoding = 4; lastKnownFileType = sourcecode.c.objc; path = BPVObservableObject.m; sourceTree = "<group>"; };
		2DA8E9651D4CDE880067032D /* BPVTableViewCell.h */ = {isa = PBXFileReference; fileEncoding = 4; lastKnownFileType = sourcecode.c.h; path = BPVTableViewCell.h; sourceTree = "<group>"; };
		2DA8E9661D4CDE880067032D /* BPVTableViewCell.m */ = {isa = PBXFileReference; fileEncoding = 4; lastKnownFileType = sourcecode.c.objc; path = BPVTableViewCell.m; sourceTree = "<group>"; };
		2DA8E99D1D51DF010067032D /* BPVUserLogo.png */ = {isa = PBXFileReference; lastKnownFileType = image.png; path = BPVUserLogo.png; sourceTree = "<group>"; };
		2DBE77B21D72BF2B0057DDC0 /* BPVArrayModelTest.m */ = {isa = PBXFileReference; fileEncoding = 4; lastKnownFileType = sourcecode.c.objc; path = BPVArrayModelTest.m; sourceTree = "<group>"; };
		2DD7636F1D782A0800CEB5EA /* BPVUsersView.h */ = {isa = PBXFileReference; fileEncoding = 4; lastKnownFileType = sourcecode.c.h; path = BPVUsersView.h; sourceTree = "<group>"; };
		2DD763701D782A0800CEB5EA /* BPVUsersView.m */ = {isa = PBXFileReference; fileEncoding = 4; lastKnownFileType = sourcecode.c.objc; path = BPVUsersView.m; sourceTree = "<group>"; };
		2DD763711D782A0800CEB5EA /* BPVUsersViewController.h */ = {isa = PBXFileReference; fileEncoding = 4; lastKnownFileType = sourcecode.c.h; path = BPVUsersViewController.h; sourceTree = "<group>"; };
		2DD763721D782A0800CEB5EA /* BPVUsersViewController.m */ = {isa = PBXFileReference; fileEncoding = 4; lastKnownFileType = sourcecode.c.objc; path = BPVUsersViewController.m; sourceTree = "<group>"; };
		2DD763731D782A0800CEB5EA /* BPVUsersViewController.xib */ = {isa = PBXFileReference; fileEncoding = 4; lastKnownFileType = file.xib; path = BPVUsersViewController.xib; sourceTree = "<group>"; };
		2DD763761D782A0800CEB5EA /* BPVUserCell.h */ = {isa = PBXFileReference; fileEncoding = 4; lastKnownFileType = sourcecode.c.h; path = BPVUserCell.h; sourceTree = "<group>"; };
		2DD763771D782A0800CEB5EA /* BPVUserCell.m */ = {isa = PBXFileReference; fileEncoding = 4; lastKnownFileType = sourcecode.c.objc; path = BPVUserCell.m; sourceTree = "<group>"; };
		2DD763781D782A0800CEB5EA /* BPVUserCell.xib */ = {isa = PBXFileReference; fileEncoding = 4; lastKnownFileType = file.xib; path = BPVUserCell.xib; sourceTree = "<group>"; };
		2DD763851D782A3000CEB5EA /* BPVTableViewController.h */ = {isa = PBXFileReference; fileEncoding = 4; lastKnownFileType = sourcecode.c.h; path = BPVTableViewController.h; sourceTree = "<group>"; };
		2DD763861D782A3000CEB5EA /* BPVTableViewController.m */ = {isa = PBXFileReference; fileEncoding = 4; lastKnownFileType = sourcecode.c.objc; path = BPVTableViewController.m; sourceTree = "<group>"; };
		2DD7638E1D786A2600CEB5EA /* BPVArrayChange.h */ = {isa = PBXFileReference; fileEncoding = 4; lastKnownFileType = sourcecode.c.h; path = BPVArrayChange.h; sourceTree = "<group>"; };
		2DD7638F1D786A2600CEB5EA /* BPVArrayChange.m */ = {isa = PBXFileReference; fileEncoding = 4; lastKnownFileType = sourcecode.c.objc; path = BPVArrayChange.m; sourceTree = "<group>"; };
		2DD763911D786A2600CEB5EA /* BPVOneIndexArrayChange.h */ = {isa = PBXFileReference; fileEncoding = 4; lastKnownFileType = sourcecode.c.h; path = BPVOneIndexArrayChange.h; sourceTree = "<group>"; };
		2DD763921D786A2600CEB5EA /* BPVOneIndexArrayChange.m */ = {isa = PBXFileReference; fileEncoding = 4; lastKnownFileType = sourcecode.c.objc; path = BPVOneIndexArrayChange.m; sourceTree = "<group>"; };
		2DD763941D786A2600CEB5EA /* BPVTwoIndexArrayChange.h */ = {isa = PBXFileReference; fileEncoding = 4; lastKnownFileType = sourcecode.c.h; path = BPVTwoIndexArrayChange.h; sourceTree = "<group>"; };
		2DD763951D786A2600CEB5EA /* BPVTwoIndexArrayChange.m */ = {isa = PBXFileReference; fileEncoding = 4; lastKnownFileType = sourcecode.c.objc; path = BPVTwoIndexArrayChange.m; sourceTree = "<group>"; };
		2DD763971D786A2600CEB5EA /* BPVAddModel.h */ = {isa = PBXFileReference; fileEncoding = 4; lastKnownFileType = sourcecode.c.h; path = BPVAddModel.h; sourceTree = "<group>"; };
		2DD763981D786A2600CEB5EA /* BPVAddModel.m */ = {isa = PBXFileReference; fileEncoding = 4; lastKnownFileType = sourcecode.c.objc; path = BPVAddModel.m; sourceTree = "<group>"; };
		2DD763991D786A2600CEB5EA /* BPVMoveModel.h */ = {isa = PBXFileReference; fileEncoding = 4; lastKnownFileType = sourcecode.c.h; path = BPVMoveModel.h; sourceTree = "<group>"; };
		2DD7639A1D786A2600CEB5EA /* BPVMoveModel.m */ = {isa = PBXFileReference; fileEncoding = 4; lastKnownFileType = sourcecode.c.objc; path = BPVMoveModel.m; sourceTree = "<group>"; };
		2DD7639B1D786A2600CEB5EA /* BPVRemoveModel.h */ = {isa = PBXFileReference; fileEncoding = 4; lastKnownFileType = sourcecode.c.h; path = BPVRemoveModel.h; sourceTree = "<group>"; };
		2DD7639C1D786A2600CEB5EA /* BPVRemoveModel.m */ = {isa = PBXFileReference; fileEncoding = 4; lastKnownFileType = sourcecode.c.objc; path = BPVRemoveModel.m; sourceTree = "<group>"; };
		2DD763A41D786A3900CEB5EA /* BPVArrayModel.h */ = {isa = PBXFileReference; fileEncoding = 4; lastKnownFileType = sourcecode.c.h; path = BPVArrayModel.h; sourceTree = "<group>"; };
		2DD763A51D786A3900CEB5EA /* BPVArrayModel.m */ = {isa = PBXFileReference; fileEncoding = 4; lastKnownFileType = sourcecode.c.objc; path = BPVArrayModel.m; sourceTree = "<group>"; };
		2DD763B21D7D8BA500CEB5EA /* BPVQueue.h */ = {isa = PBXFileReference; fileEncoding = 4; lastKnownFileType = sourcecode.c.h; path = BPVQueue.h; sourceTree = "<group>"; };
		2DD763B31D7D8BA500CEB5EA /* BPVQueue.m */ = {isa = PBXFileReference; fileEncoding = 4; lastKnownFileType = sourcecode.c.objc; path = BPVQueue.m; sourceTree = "<group>"; };
		2DD763BE1D7EC0C800CEB5EA /* BPVFilteredModel.h */ = {isa = PBXFileReference; fileEncoding = 4; lastKnownFileType = sourcecode.c.h; path = BPVFilteredModel.h; sourceTree = "<group>"; };
		2DD763BF1D7EC0C800CEB5EA /* BPVFilteredModel.m */ = {isa = PBXFileReference; fileEncoding = 4; lastKnownFileType = sourcecode.c.objc; path = BPVFilteredModel.m; sourceTree = "<group>"; };
		2DD763C51D82DE3B00CEB5EA /* BPVImagesCache.h */ = {isa = PBXFileReference; fileEncoding = 4; lastKnownFileType = sourcecode.c.h; path = BPVImagesCache.h; sourceTree = "<group>"; };
		2DD763C61D82DE3B00CEB5EA /* BPVImagesCache.m */ = {isa = PBXFileReference; fileEncoding = 4; lastKnownFileType = sourcecode.c.objc; path = BPVImagesCache.m; sourceTree = "<group>"; };
		2DD763D41D86DEBB00CEB5EA /* BPVInternetImage.h */ = {isa = PBXFileReference; fileEncoding = 4; lastKnownFileType = sourcecode.c.h; path = BPVInternetImage.h; sourceTree = "<group>"; };
		2DD763D51D86DEBB00CEB5EA /* BPVInternetImage.m */ = {isa = PBXFileReference; fileEncoding = 4; lastKnownFileType = sourcecode.c.objc; path = BPVInternetImage.m; sourceTree = "<group>"; };
		2DD763FE1D87F94100CEB5EA /* BPVLocalImage.h */ = {isa = PBXFileReference; fileEncoding = 4; lastKnownFileType = sourcecode.c.h; path = BPVLocalImage.h; sourceTree = "<group>"; };
		2DD763FF1D87F94100CEB5EA /* BPVLocalImage.m */ = {isa = PBXFileReference; fileEncoding = 4; lastKnownFileType = sourcecode.c.objc; path = BPVLocalImage.m; sourceTree = "<group>"; };
		2DE873A21D75C24800A3550A /* BPVMacro.h */ = {isa = PBXFileReference; fileEncoding = 4; lastKnownFileType = sourcecode.c.h; path = BPVMacro.h; sourceTree = "<group>"; };
		2DE873A31D75C24800A3550A /* BPVMacro.m */ = {isa = PBXFileReference; fileEncoding = 4; lastKnownFileType = sourcecode.c.objc; path = BPVMacro.m; sourceTree = "<group>"; };
		2DFBC5D81D92E277001F3BFE /* BPVLoginView.h */ = {isa = PBXFileReference; fileEncoding = 4; lastKnownFileType = sourcecode.c.h; path = BPVLoginView.h; sourceTree = "<group>"; };
		2DFBC5D91D92E277001F3BFE /* BPVLoginView.m */ = {isa = PBXFileReference; fileEncoding = 4; lastKnownFileType = sourcecode.c.objc; path = BPVLoginView.m; sourceTree = "<group>"; };
		2DFBC5DB1D92E28C001F3BFE /* BPVLoginViewController.h */ = {isa = PBXFileReference; fileEncoding = 4; lastKnownFileType = sourcecode.c.h; path = BPVLoginViewController.h; sourceTree = "<group>"; };
		2DFBC5DC1D92E28C001F3BFE /* BPVLoginViewController.m */ = {isa = PBXFileReference; fileEncoding = 4; lastKnownFileType = sourcecode.c.objc; path = BPVLoginViewController.m; sourceTree = "<group>"; };
		2DFBC5DD1D92E28C001F3BFE /* BPVLoginViewController.xib */ = {isa = PBXFileReference; fileEncoding = 4; lastKnownFileType = file.xib; path = BPVLoginViewController.xib; sourceTree = "<group>"; };
		93D0410507B8541589EE8A52 /* Pods-iOSProjectTests.release.xcconfig */ = {isa = PBXFileReference; includeInIndex = 1; lastKnownFileType = text.xcconfig; name = "Pods-iOSProjectTests.release.xcconfig"; path = "Pods/Target Support Files/Pods-iOSProjectTests/Pods-iOSProjectTests.release.xcconfig"; sourceTree = "<group>"; };
		93DC5E7321121A6FAAED25EC /* libPods-iOSProject.a */ = {isa = PBXFileReference; explicitFileType = archive.ar; includeInIndex = 0; path = "libPods-iOSProject.a"; sourceTree = BUILT_PRODUCTS_DIR; };
		A25F584F31364ECA33A18054 /* Pods-iOSProject.debug.xcconfig */ = {isa = PBXFileReference; includeInIndex = 1; lastKnownFileType = text.xcconfig; name = "Pods-iOSProject.debug.xcconfig"; path = "Pods/Target Support Files/Pods-iOSProject/Pods-iOSProject.debug.xcconfig"; sourceTree = "<group>"; };
		E14945B9782108B5601F4979 /* libPods-iOSProjectTests.a */ = {isa = PBXFileReference; explicitFileType = archive.ar; includeInIndex = 0; path = "libPods-iOSProjectTests.a"; sourceTree = BUILT_PRODUCTS_DIR; };
		F107BA68DD19373E7CBA7BB3 /* Pods-iOSProject.release.xcconfig */ = {isa = PBXFileReference; includeInIndex = 1; lastKnownFileType = text.xcconfig; name = "Pods-iOSProject.release.xcconfig"; path = "Pods/Target Support Files/Pods-iOSProject/Pods-iOSProject.release.xcconfig"; sourceTree = "<group>"; };
/* End PBXFileReference section */

/* Begin PBXFrameworksBuildPhase section */
		2D3F41A51D3F65EB00A38A7B /* Frameworks */ = {
			isa = PBXFrameworksBuildPhase;
			buildActionMask = 2147483647;
			files = (
				708B5D60EEBC9BC5CF87A1F3 /* libPods-iOSProject.a in Frameworks */,
			);
			runOnlyForDeploymentPostprocessing = 0;
		};
		2D3F41BE1D3F65EB00A38A7B /* Frameworks */ = {
			isa = PBXFrameworksBuildPhase;
			buildActionMask = 2147483647;
			files = (
				90F58E8844B03E008B9F909B /* libPods-iOSProjectTests.a in Frameworks */,
			);
			runOnlyForDeploymentPostprocessing = 0;
		};
		2D3F41C91D3F65EB00A38A7B /* Frameworks */ = {
			isa = PBXFrameworksBuildPhase;
			buildActionMask = 2147483647;
			files = (
			);
			runOnlyForDeploymentPostprocessing = 0;
		};
/* End PBXFrameworksBuildPhase section */

/* Begin PBXGroup section */
		2D1425AD1D8FCAB200C5AD2E /* Views */ = {
			isa = PBXGroup;
			children = (
				2D1425AE1D8FCAB200C5AD2E /* BPVImageView */,
				2D1425B11D8FCAB200C5AD2E /* BPVLoadingView */,
				2D1425B51D8FCAB200C5AD2E /* BPVView */,
			);
			path = Views;
			sourceTree = "<group>";
		};
		2D1425AE1D8FCAB200C5AD2E /* BPVImageView */ = {
			isa = PBXGroup;
			children = (
				2D1425AF1D8FCAB200C5AD2E /* BPVImageView.h */,
				2D1425B01D8FCAB200C5AD2E /* BPVImageView.m */,
			);
			path = BPVImageView;
			sourceTree = "<group>";
		};
		2D1425B11D8FCAB200C5AD2E /* BPVLoadingView */ = {
			isa = PBXGroup;
			children = (
				2D1425B21D8FCAB200C5AD2E /* BPVLoadingView.h */,
				2D1425B31D8FCAB200C5AD2E /* BPVLoadingView.m */,
				2D1425B41D8FCAB200C5AD2E /* BPVLoadingView.xib */,
			);
			path = BPVLoadingView;
			sourceTree = "<group>";
		};
		2D1425B51D8FCAB200C5AD2E /* BPVView */ = {
			isa = PBXGroup;
			children = (
				2D1425B61D8FCAB200C5AD2E /* BPVView.h */,
				2D1425B71D8FCAB200C5AD2E /* BPVView.m */,
			);
			path = BPVView;
			sourceTree = "<group>";
		};
		2D1425BC1D915EC100C5AD2E /* BPVUserViewController */ = {
			isa = PBXGroup;
			children = (
				2D1425C51D9161D000C5AD2E /* BPVUserViewController.h */,
				2D1425C61D9161D000C5AD2E /* BPVUserViewController.m */,
				2D1425C71D9161D000C5AD2E /* BPVUserViewController.xib */,
				2D1425C01D915F4900C5AD2E /* BPVUserView.h */,
				2D1425C11D915F4900C5AD2E /* BPVUserView.m */,
			);
			path = BPVUserViewController;
			sourceTree = "<group>";
		};
		2D1425CE1D92754E00C5AD2E /* BPVViewController */ = {
			isa = PBXGroup;
			children = (
				2D1425CF1D92755E00C5AD2E /* BPVViewController.h */,
				2D1425D01D92755E00C5AD2E /* BPVViewController.m */,
			);
			path = BPVViewController;
			sourceTree = "<group>";
		};
		2D1425D21D92ABE200C5AD2E /* BPVLoginViewController */ = {
			isa = PBXGroup;
			children = (
				2DFBC5DB1D92E28C001F3BFE /* BPVLoginViewController.h */,
				2DFBC5DC1D92E28C001F3BFE /* BPVLoginViewController.m */,
				2DFBC5DD1D92E28C001F3BFE /* BPVLoginViewController.xib */,
				2DFBC5D81D92E277001F3BFE /* BPVLoginView.h */,
				2DFBC5D91D92E277001F3BFE /* BPVLoginView.m */,
			);
			path = BPVLoginViewController;
			sourceTree = "<group>";
		};
		2D328D631D5CADF70064C76D /* Models */ = {
			isa = PBXGroup;
			children = (
				2DD763BD1D7EC0C800CEB5EA /* BPVFilteredModel */,
				2D328D641D5CADF70064C76D /* BPVImage */,
				2D328D671D5CADF70064C76D /* BPVUser */,
				2D328D6C1D5CADF70064C76D /* BPVUsers collection */,
			);
			path = Models;
			sourceTree = "<group>";
		};
		2D328D641D5CADF70064C76D /* BPVImage */ = {
			isa = PBXGroup;
			children = (
				2D328D651D5CADF70064C76D /* BPVImage.h */,
				2D328D661D5CADF70064C76D /* BPVImage.m */,
				2DD763FD1D87F91E00CEB5EA /* BPVFileSystemImage */,
				2DD763D21D86DE8E00CEB5EA /* BPVInternetImage */,
				2DD763B51D7EBEC100CEB5EA /* Private */,
			);
			path = BPVImage;
			sourceTree = "<group>";
		};
		2D328D671D5CADF70064C76D /* BPVUser */ = {
			isa = PBXGroup;
			children = (
				2D328D681D5CADF70064C76D /* BPVUser.h */,
				2D328D691D5CADF70064C76D /* BPVUser.m */,
			);
			path = BPVUser;
			sourceTree = "<group>";
		};
		2D328D6C1D5CADF70064C76D /* BPVUsers collection */ = {
			isa = PBXGroup;
			children = (
				2D328D6D1D5CADF70064C76D /* BPVUsers.h */,
				2D328D6E1D5CADF70064C76D /* BPVUsers.m */,
			);
			path = "BPVUsers collection";
			sourceTree = "<group>";
		};
		2D3F419F1D3F65EB00A38A7B = {
			isa = PBXGroup;
			children = (
				2D3F42101D40C2C500A38A7B /* Library */,
				2D3F41E31D3F6EB600A38A7B /* Resources */,
				2D3F42421D4C021500A38A7B /* Sources */,
				2D3F41F81D3FA29800A38A7B /* iOSProject */,
				2D3F41C41D3F65EB00A38A7B /* iOSProjectTests */,
				2D3F41CF1D3F65EB00A38A7B /* iOSProjectUITests */,
				2D3F41A91D3F65EB00A38A7B /* Products */,
				901516722A207463FCC40A7F /* Pods */,
				FDA9517A20E05608DA07CB82 /* Frameworks */,
			);
			sourceTree = "<group>";
		};
		2D3F41A91D3F65EB00A38A7B /* Products */ = {
			isa = PBXGroup;
			children = (
				2D3F41A81D3F65EB00A38A7B /* iOSProject.app */,
				2D3F41C11D3F65EB00A38A7B /* iOSProjectTests.xctest */,
				2D3F41CC1D3F65EB00A38A7B /* iOSProjectUITests.xctest */,
			);
			name = Products;
			sourceTree = "<group>";
		};
		2D3F41C41D3F65EB00A38A7B /* iOSProjectTests */ = {
			isa = PBXGroup;
			children = (
				2D3F41F71D3F7E6300A38A7B /* Specs */,
				2D3F41C71D3F65EB00A38A7B /* Info.plist */,
			);
			path = iOSProjectTests;
			sourceTree = "<group>";
		};
		2D3F41CF1D3F65EB00A38A7B /* iOSProjectUITests */ = {
			isa = PBXGroup;
			children = (
				2D3F41D01D3F65EB00A38A7B /* iOSProjectUITests.m */,
				2D3F41D21D3F65EB00A38A7B /* Info.plist */,
			);
			path = iOSProjectUITests;
			sourceTree = "<group>";
		};
		2D3F41E31D3F6EB600A38A7B /* Resources */ = {
			isa = PBXGroup;
			children = (
				2DA8E9981D4D5F490067032D /* Images */,
				2D3F41E41D3F6EB600A38A7B /* Assets.xcassets */,
				2D3F41E51D3F6EB600A38A7B /* LaunchScreen.storyboard */,
				2D3F41E71D3F6EB600A38A7B /* Main.storyboard */,
			);
			path = Resources;
			sourceTree = "<group>";
		};
		2D3F41F71D3F7E6300A38A7B /* Specs */ = {
			isa = PBXGroup;
			children = (
				2DBE77B21D72BF2B0057DDC0 /* BPVArrayModelTest.m */,
			);
			path = Specs;
			sourceTree = "<group>";
		};
		2D3F41F81D3FA29800A38A7B /* iOSProject */ = {
			isa = PBXGroup;
			children = (
				2D3F41F91D3FA29800A38A7B /* BPVAppDelegate.h */,
				2D3F41FA1D3FA29800A38A7B /* BPVAppDelegate.m */,
				2D3F41FB1D3FA29800A38A7B /* Info.plist */,
				2D3F41FC1D3FA29800A38A7B /* main.m */,
			);
			path = iOSProject;
			sourceTree = SOURCE_ROOT;
		};
		2D3F42101D40C2C500A38A7B /* Library */ = {
			isa = PBXGroup;
			children = (
				2D1425AD1D8FCAB200C5AD2E /* Views */,
				2D805EAD1D8AD0140057A232 /* Category */,
				2DD763B11D7D8BA500CEB5EA /* Queue */,
				2DD763AB1D79763D00CEB5EA /* BPVModel */,
				2DD763A31D786A3900CEB5EA /* BPVArrayModel */,
				2DD7638C1D786A2600CEB5EA /* BPVArrayChange */,
				2D1425CE1D92754E00C5AD2E /* BPVViewController */,
				2DD763841D782A3000CEB5EA /* BPVTableViewController */,
				2DE873A11D75C24800A3550A /* BPVMacro */,
				2D4828961D6AEADC00AF3617 /* GCD */,
				2DA8E9631D4CDE610067032D /* Classes */,
				2DA8E95F1D4C89DC0067032D /* BPVObservableObject */,
			);
			path = Library;
			sourceTree = SOURCE_ROOT;
		};
		2D3F42421D4C021500A38A7B /* Sources */ = {
			isa = PBXGroup;
			children = (
				2D328D631D5CADF70064C76D /* Models */,
				2D3F42431D4C021500A38A7B /* UI */,
			);
			path = Sources;
			sourceTree = "<group>";
		};
		2D3F42431D4C021500A38A7B /* UI */ = {
			isa = PBXGroup;
			children = (
				2D1425D21D92ABE200C5AD2E /* BPVLoginViewController */,
				2DD7636E1D782A0800CEB5EA /* BPVUsersViewController */,
				2D3F42441D4C021500A38A7B /* BPVSquareViewController */,
			);
			path = UI;
			sourceTree = "<group>";
		};
		2D3F42441D4C021500A38A7B /* BPVSquareViewController */ = {
			isa = PBXGroup;
			children = (
				2D3F42471D4C021500A38A7B /* BPVSquareViewController.h */,
				2D3F42481D4C021500A38A7B /* BPVSquareViewController.m */,
				2D3F42491D4C021500A38A7B /* BPVSquareViewController.xib */,
				2D3F42451D4C021500A38A7B /* BPVBackgroundView.h */,
				2D3F42461D4C021500A38A7B /* BPVBackgroundView.m */,
			);
			path = BPVSquareViewController;
			sourceTree = "<group>";
		};
		2D4828961D6AEADC00AF3617 /* GCD */ = {
			isa = PBXGroup;
			children = (
				2D4828971D6AEADC00AF3617 /* BPVGCD.h */,
				2D4828981D6AEADC00AF3617 /* BPVGCD.m */,
			);
			path = GCD;
			sourceTree = "<group>";
		};
		2D805EAD1D8AD0140057A232 /* Category */ = {
			isa = PBXGroup;
			children = (
				2D805EAE1D8AD0140057A232 /* BPVArrayChange */,
				2D805ECA1D8AD0140057A232 /* NSArray */,
				2D805ECD1D8AD0140057A232 /* NSBundle */,
				2D805ED01D8AD0140057A232 /* NSData */,
				2D805ED21D8AD0140057A232 /* NSFileManager */,
				2D805ED51D8AD0140057A232 /* NSIndexPath */,
				2D805ED81D8AD0140057A232 /* NSKeyedUnarchiver */,
				2D805EDB1D8AD0140057A232 /* NSMutableArray */,
				2D805EDE1D8AD0140057A232 /* NSString */,
				2D805EE41D8AD0140057A232 /* NSTimer */,
				2D805EEB1D8AD0140057A232 /* UINib */,
				2D805EEE1D8AD0140057A232 /* UITableView */,
				2D805EF11D8AD0140057A232 /* UIViewController */,
				2D805EF41D8AD0140057A232 /* UIWindow */,
			);
			path = Category;
			sourceTree = "<group>";
		};
		2D805EAE1D8AD0140057A232 /* BPVArrayChange */ = {
			isa = PBXGroup;
			children = (
				2D805EAF1D8AD0140057A232 /* BPVArrayChange+BPVArrayModel */,
				2D805EBB1D8AD0140057A232 /* BPVArrayChange+UITableView */,
			);
			path = BPVArrayChange;
			sourceTree = "<group>";
		};
		2D805EAF1D8AD0140057A232 /* BPVArrayChange+BPVArrayModel */ = {
			isa = PBXGroup;
			children = (
				2D805EB01D8AD0140057A232 /* BPVAddModel */,
				2D805EB31D8AD0140057A232 /* BPVArrayChange+BPVArrayModel.h */,
				2D805EB41D8AD0140057A232 /* BPVArrayChange+BPVArrayModel.m */,
				2D805EB51D8AD0140057A232 /* BPVMoveModel */,
				2D805EB81D8AD0140057A232 /* BPVRemoveModel */,
			);
			path = "BPVArrayChange+BPVArrayModel";
			sourceTree = "<group>";
		};
		2D805EB01D8AD0140057A232 /* BPVAddModel */ = {
			isa = PBXGroup;
			children = (
				2D805EB11D8AD0140057A232 /* BPVAddModel+BPVArrayModel.h */,
				2D805EB21D8AD0140057A232 /* BPVAddModel+BPVArrayModel.m */,
			);
			path = BPVAddModel;
			sourceTree = "<group>";
		};
		2D805EB51D8AD0140057A232 /* BPVMoveModel */ = {
			isa = PBXGroup;
			children = (
				2D805EB61D8AD0140057A232 /* BPVMoveModel+BPVArrayModel.h */,
				2D805EB71D8AD0140057A232 /* BPVMoveModel+BPVArrayModel.m */,
			);
			path = BPVMoveModel;
			sourceTree = "<group>";
		};
		2D805EB81D8AD0140057A232 /* BPVRemoveModel */ = {
			isa = PBXGroup;
			children = (
				2D805EB91D8AD0140057A232 /* BPVRemoveModel+BPVArrayModel.h */,
				2D805EBA1D8AD0140057A232 /* BPVRemoveModel+BPVArrayModel.m */,
			);
			path = BPVRemoveModel;
			sourceTree = "<group>";
		};
		2D805EBB1D8AD0140057A232 /* BPVArrayChange+UITableView */ = {
			isa = PBXGroup;
			children = (
				2D805EBC1D8AD0140057A232 /* BPVAddModel */,
				2D805EBF1D8AD0140057A232 /* BPVArrayChange+UITableView.h */,
				2D805EC01D8AD0140057A232 /* BPVArrayChange+UITableView.m */,
				2D805EC11D8AD0140057A232 /* BPVMoveModel */,
				2D805EC41D8AD0140057A232 /* BPVRemoveModel */,
			);
			path = "BPVArrayChange+UITableView";
			sourceTree = "<group>";
		};
		2D805EBC1D8AD0140057A232 /* BPVAddModel */ = {
			isa = PBXGroup;
			children = (
				2D805EBD1D8AD0140057A232 /* BPVAddModel+UITableView.h */,
				2D805EBE1D8AD0140057A232 /* BPVAddModel+UITableView.m */,
			);
			path = BPVAddModel;
			sourceTree = "<group>";
		};
		2D805EC11D8AD0140057A232 /* BPVMoveModel */ = {
			isa = PBXGroup;
			children = (
				2D805EC21D8AD0140057A232 /* BPVMoveModel+UITableView.h */,
				2D805EC31D8AD0140057A232 /* BPVMoveModel+UITableView.m */,
			);
			path = BPVMoveModel;
			sourceTree = "<group>";
		};
		2D805EC41D8AD0140057A232 /* BPVRemoveModel */ = {
			isa = PBXGroup;
			children = (
				2D805EC51D8AD0140057A232 /* BPVRemoveModel+UITableView.h */,
				2D805EC61D8AD0140057A232 /* BPVRemoveModel+UITableView.m */,
			);
			path = BPVRemoveModel;
			sourceTree = "<group>";
		};
		2D805ECA1D8AD0140057A232 /* NSArray */ = {
			isa = PBXGroup;
			children = (
				2D805ECB1D8AD0140057A232 /* NSArray+BPVExtensions.h */,
				2D805ECC1D8AD0140057A232 /* NSArray+BPVExtensions.m */,
			);
			path = NSArray;
			sourceTree = "<group>";
		};
		2D805ECD1D8AD0140057A232 /* NSBundle */ = {
			isa = PBXGroup;
			children = (
				2D805ECE1D8AD0140057A232 /* NSBundle+BPVExtensions.h */,
				2D805ECF1D8AD0140057A232 /* NSBundle+BPVExtensions.m */,
			);
			path = NSBundle;
			sourceTree = "<group>";
		};
		2D805ED01D8AD0140057A232 /* NSData */ = {
			isa = PBXGroup;
			children = (
				2D805ED11D8AD0140057A232 /* NSData+.h */,
			);
			path = NSData;
			sourceTree = "<group>";
		};
		2D805ED21D8AD0140057A232 /* NSFileManager */ = {
			isa = PBXGroup;
			children = (
				2D805ED31D8AD0140057A232 /* NSFileManager+BPVExtensions.h */,
				2D805ED41D8AD0140057A232 /* NSFileManager+BPVExtensions.m */,
			);
			path = NSFileManager;
			sourceTree = "<group>";
		};
		2D805ED51D8AD0140057A232 /* NSIndexPath */ = {
			isa = PBXGroup;
			children = (
				2D805ED61D8AD0140057A232 /* NSIndexPath+BPVExtensions.h */,
				2D805ED71D8AD0140057A232 /* NSIndexPath+BPVExtensions.m */,
			);
			path = NSIndexPath;
			sourceTree = "<group>";
		};
		2D805ED81D8AD0140057A232 /* NSKeyedUnarchiver */ = {
			isa = PBXGroup;
			children = (
				2D805ED91D8AD0140057A232 /* NSKeyedUnarchiver+BPVExtensions.h */,
				2D805EDA1D8AD0140057A232 /* NSKeyedUnarchiver+BPVExtensions.m */,
			);
			path = NSKeyedUnarchiver;
			sourceTree = "<group>";
		};
		2D805EDB1D8AD0140057A232 /* NSMutableArray */ = {
			isa = PBXGroup;
			children = (
				2D805EDC1D8AD0140057A232 /* NSMutableArray+BPVExtensions.h */,
				2D805EDD1D8AD0140057A232 /* NSMutableArray+BPVExtensions.m */,
			);
			path = NSMutableArray;
			sourceTree = "<group>";
		};
		2D805EDE1D8AD0140057A232 /* NSString */ = {
			isa = PBXGroup;
			children = (
				2D805EDF1D8AD0140057A232 /* NSString+BPVExtensions.h */,
				2D805EE01D8AD0140057A232 /* NSString+BPVExtensions.m */,
				2D805EE11D8AD0140057A232 /* Private */,
			);
			path = NSString;
			sourceTree = "<group>";
		};
		2D805EE11D8AD0140057A232 /* Private */ = {
			isa = PBXGroup;
			children = (
				2D805EE21D8AD0140057A232 /* NSString+BPVRandomName.h */,
				2D805EE31D8AD0140057A232 /* NSString+BPVRandomName.m */,
			);
			path = Private;
			sourceTree = "<group>";
		};
		2D805EE41D8AD0140057A232 /* NSTimer */ = {
			isa = PBXGroup;
			children = (
				2D805EE51D8AD0140057A232 /* NSTimer+BPVExtensions.h */,
				2D805EE61D8AD0140057A232 /* NSTimer+BPVExtensions.m */,
				2D805EE71D8AD0140057A232 /* Private */,
			);
			path = NSTimer;
			sourceTree = "<group>";
		};
		2D805EE71D8AD0140057A232 /* Private */ = {
			isa = PBXGroup;
			children = (
				2D805EE81D8AD0140057A232 /* SupportEntity */,
			);
			path = Private;
			sourceTree = "<group>";
		};
		2D805EE81D8AD0140057A232 /* SupportEntity */ = {
			isa = PBXGroup;
			children = (
				2D805EE91D8AD0140057A232 /* BPVSupportEntity.h */,
				2D805EEA1D8AD0140057A232 /* BPVSupportEntity.m */,
			);
			path = SupportEntity;
			sourceTree = "<group>";
		};
		2D805EEB1D8AD0140057A232 /* UINib */ = {
			isa = PBXGroup;
			children = (
				2D805EEC1D8AD0140057A232 /* UINib+BPVExtensions.h */,
				2D805EED1D8AD0140057A232 /* UINib+BPVExtensions.m */,
			);
			path = UINib;
			sourceTree = "<group>";
		};
		2D805EEE1D8AD0140057A232 /* UITableView */ = {
			isa = PBXGroup;
			children = (
				2D805EEF1D8AD0140057A232 /* UITableView+BPVExtensions.h */,
				2D805EF01D8AD0140057A232 /* UITableView+BPVExtensions.m */,
			);
			path = UITableView;
			sourceTree = "<group>";
		};
		2D805EF11D8AD0140057A232 /* UIViewController */ = {
			isa = PBXGroup;
			children = (
				2D805EF21D8AD0140057A232 /* UIViewController+BPVExtensions.h */,
				2D805EF31D8AD0140057A232 /* UIViewController+BPVExtensions.m */,
			);
			path = UIViewController;
			sourceTree = "<group>";
		};
		2D805EF41D8AD0140057A232 /* UIWindow */ = {
			isa = PBXGroup;
			children = (
				2D805EF51D8AD0140057A232 /* UIWindow+BPVExtensions.h */,
				2D805EF61D8AD0140057A232 /* UIWindow+BPVExtensions.m */,
			);
			path = UIWindow;
			sourceTree = "<group>";
		};
		2DA8E95F1D4C89DC0067032D /* BPVObservableObject */ = {
			isa = PBXGroup;
			children = (
				2DA8E9601D4C89DC0067032D /* BPVObservableObject.h */,
				2DA8E9611D4C89DC0067032D /* BPVObservableObject.m */,
			);
			path = BPVObservableObject;
			sourceTree = "<group>";
		};
		2DA8E9631D4CDE610067032D /* Classes */ = {
			isa = PBXGroup;
			children = (
				2DA8E9641D4CDE610067032D /* BPVTableViewCell */,
			);
			path = Classes;
			sourceTree = "<group>";
		};
		2DA8E9641D4CDE610067032D /* BPVTableViewCell */ = {
			isa = PBXGroup;
			children = (
				2DA8E9651D4CDE880067032D /* BPVTableViewCell.h */,
				2DA8E9661D4CDE880067032D /* BPVTableViewCell.m */,
			);
			path = BPVTableViewCell;
			sourceTree = "<group>";
		};
		2DA8E9981D4D5F490067032D /* Images */ = {
			isa = PBXGroup;
			children = (
				2DA8E99D1D51DF010067032D /* BPVUserLogo.png */,
			);
			path = Images;
			sourceTree = "<group>";
		};
		2DD7636E1D782A0800CEB5EA /* BPVUsersViewController */ = {
			isa = PBXGroup;
			children = (
				2D1425BC1D915EC100C5AD2E /* BPVUserViewController */,
				2DD763741D782A0800CEB5EA /* Views */,
				2DD763711D782A0800CEB5EA /* BPVUsersViewController.h */,
				2DD763721D782A0800CEB5EA /* BPVUsersViewController.m */,
				2DD763731D782A0800CEB5EA /* BPVUsersViewController.xib */,
				2DD7636F1D782A0800CEB5EA /* BPVUsersView.h */,
				2DD763701D782A0800CEB5EA /* BPVUsersView.m */,
			);
			path = BPVUsersViewController;
			sourceTree = "<group>";
		};
		2DD763741D782A0800CEB5EA /* Views */ = {
			isa = PBXGroup;
			children = (
				2DD763751D782A0800CEB5EA /* BPVUserCell */,
			);
			path = Views;
			sourceTree = "<group>";
		};
		2DD763751D782A0800CEB5EA /* BPVUserCell */ = {
			isa = PBXGroup;
			children = (
				2DD763761D782A0800CEB5EA /* BPVUserCell.h */,
				2DD763771D782A0800CEB5EA /* BPVUserCell.m */,
				2DD763781D782A0800CEB5EA /* BPVUserCell.xib */,
			);
			path = BPVUserCell;
			sourceTree = "<group>";
		};
		2DD763841D782A3000CEB5EA /* BPVTableViewController */ = {
			isa = PBXGroup;
			children = (
				2DD763851D782A3000CEB5EA /* BPVTableViewController.h */,
				2DD763861D782A3000CEB5EA /* BPVTableViewController.m */,
			);
			path = BPVTableViewController;
			sourceTree = "<group>";
		};
		2DD7638C1D786A2600CEB5EA /* BPVArrayChange */ = {
			isa = PBXGroup;
			children = (
				2DD7638D1D786A2600CEB5EA /* BPVArrayChange */,
				2DD763901D786A2600CEB5EA /* BPVOneIndexArrayChange */,
				2DD763931D786A2600CEB5EA /* BPVTwoIndexArrayChange */,
				2DD763961D786A2600CEB5EA /* Privat */,
			);
			path = BPVArrayChange;
			sourceTree = "<group>";
		};
		2DD7638D1D786A2600CEB5EA /* BPVArrayChange */ = {
			isa = PBXGroup;
			children = (
				2DD7638E1D786A2600CEB5EA /* BPVArrayChange.h */,
				2DD7638F1D786A2600CEB5EA /* BPVArrayChange.m */,
			);
			path = BPVArrayChange;
			sourceTree = "<group>";
		};
		2DD763901D786A2600CEB5EA /* BPVOneIndexArrayChange */ = {
			isa = PBXGroup;
			children = (
				2DD763911D786A2600CEB5EA /* BPVOneIndexArrayChange.h */,
				2DD763921D786A2600CEB5EA /* BPVOneIndexArrayChange.m */,
			);
			path = BPVOneIndexArrayChange;
			sourceTree = "<group>";
		};
		2DD763931D786A2600CEB5EA /* BPVTwoIndexArrayChange */ = {
			isa = PBXGroup;
			children = (
				2DD763941D786A2600CEB5EA /* BPVTwoIndexArrayChange.h */,
				2DD763951D786A2600CEB5EA /* BPVTwoIndexArrayChange.m */,
			);
			path = BPVTwoIndexArrayChange;
			sourceTree = "<group>";
		};
		2DD763961D786A2600CEB5EA /* Privat */ = {
			isa = PBXGroup;
			children = (
				2DD763971D786A2600CEB5EA /* BPVAddModel.h */,
				2DD763981D786A2600CEB5EA /* BPVAddModel.m */,
				2DD763991D786A2600CEB5EA /* BPVMoveModel.h */,
				2DD7639A1D786A2600CEB5EA /* BPVMoveModel.m */,
				2DD7639B1D786A2600CEB5EA /* BPVRemoveModel.h */,
				2DD7639C1D786A2600CEB5EA /* BPVRemoveModel.m */,
			);
			path = Privat;
			sourceTree = "<group>";
		};
		2DD763A31D786A3900CEB5EA /* BPVArrayModel */ = {
			isa = PBXGroup;
			children = (
				2DD763A41D786A3900CEB5EA /* BPVArrayModel.h */,
				2DD763A51D786A3900CEB5EA /* BPVArrayModel.m */,
			);
			path = BPVArrayModel;
			sourceTree = "<group>";
		};
		2DD763AB1D79763D00CEB5EA /* BPVModel */ = {
			isa = PBXGroup;
			children = (
				2D805F0E1D8AD3080057A232 /* BPVModel.h */,
				2D805F0F1D8AD3080057A232 /* BPVModel.m */,
			);
			name = BPVModel;
			path = Sources/Category/BPVModel;
			sourceTree = SOURCE_ROOT;
		};
		2DD763B11D7D8BA500CEB5EA /* Queue */ = {
			isa = PBXGroup;
			children = (
				2DD763B21D7D8BA500CEB5EA /* BPVQueue.h */,
				2DD763B31D7D8BA500CEB5EA /* BPVQueue.m */,
			);
			path = Queue;
			sourceTree = "<group>";
		};
		2DD763B51D7EBEC100CEB5EA /* Private */ = {
			isa = PBXGroup;
			children = (
				2DD763C51D82DE3B00CEB5EA /* BPVImagesCache.h */,
				2DD763C61D82DE3B00CEB5EA /* BPVImagesCache.m */,
			);
			path = Private;
			sourceTree = "<group>";
		};
		2DD763BD1D7EC0C800CEB5EA /* BPVFilteredModel */ = {
			isa = PBXGroup;
			children = (
				2DD763BE1D7EC0C800CEB5EA /* BPVFilteredModel.h */,
				2DD763BF1D7EC0C800CEB5EA /* BPVFilteredModel.m */,
			);
			path = BPVFilteredModel;
			sourceTree = "<group>";
		};
		2DD763D21D86DE8E00CEB5EA /* BPVInternetImage */ = {
			isa = PBXGroup;
			children = (
				2DD763D41D86DEBB00CEB5EA /* BPVInternetImage.h */,
				2DD763D51D86DEBB00CEB5EA /* BPVInternetImage.m */,
			);
			path = BPVInternetImage;
			sourceTree = "<group>";
		};
		2DD763FD1D87F91E00CEB5EA /* BPVFileSystemImage */ = {
			isa = PBXGroup;
			children = (
				2DD763FE1D87F94100CEB5EA /* BPVLocalImage.h */,
				2DD763FF1D87F94100CEB5EA /* BPVLocalImage.m */,
			);
			path = BPVFileSystemImage;
			sourceTree = "<group>";
		};
		2DE873A11D75C24800A3550A /* BPVMacro */ = {
			isa = PBXGroup;
			children = (
				2DE873A21D75C24800A3550A /* BPVMacro.h */,
				2DE873A31D75C24800A3550A /* BPVMacro.m */,
			);
			path = BPVMacro;
			sourceTree = "<group>";
		};
		901516722A207463FCC40A7F /* Pods */ = {
			isa = PBXGroup;
			children = (
				2809F6776B7F87F0D9655301 /* Pods-iOSProjectTests.debug.xcconfig */,
				93D0410507B8541589EE8A52 /* Pods-iOSProjectTests.release.xcconfig */,
				A25F584F31364ECA33A18054 /* Pods-iOSProject.debug.xcconfig */,
				F107BA68DD19373E7CBA7BB3 /* Pods-iOSProject.release.xcconfig */,
			);
			name = Pods;
			sourceTree = "<group>";
		};
		FDA9517A20E05608DA07CB82 /* Frameworks */ = {
			isa = PBXGroup;
			children = (
				E14945B9782108B5601F4979 /* libPods-iOSProjectTests.a */,
				93DC5E7321121A6FAAED25EC /* libPods-iOSProject.a */,
			);
			name = Frameworks;
			sourceTree = "<group>";
		};
/* End PBXGroup section */

/* Begin PBXNativeTarget section */
		2D3F41A71D3F65EB00A38A7B /* iOSProject */ = {
			isa = PBXNativeTarget;
			buildConfigurationList = 2D3F41D51D3F65EB00A38A7B /* Build configuration list for PBXNativeTarget "iOSProject" */;
			buildPhases = (
				54919814979940092A35C2C5 /* [CP] Check Pods Manifest.lock */,
				2D3F41A41D3F65EB00A38A7B /* Sources */,
				2D3F41A51D3F65EB00A38A7B /* Frameworks */,
				2D3F41A61D3F65EB00A38A7B /* Resources */,
				2645DD87CE840DE8F235BDA8 /* [CP] Embed Pods Frameworks */,
				A52017EE75E48E1BDB310EE0 /* [CP] Copy Pods Resources */,
			);
			buildRules = (
			);
			dependencies = (
			);
			name = iOSProject;
			productName = iOSProject;
			productReference = 2D3F41A81D3F65EB00A38A7B /* iOSProject.app */;
			productType = "com.apple.product-type.application";
		};
		2D3F41C01D3F65EB00A38A7B /* iOSProjectTests */ = {
			isa = PBXNativeTarget;
			buildConfigurationList = 2D3F41D81D3F65EB00A38A7B /* Build configuration list for PBXNativeTarget "iOSProjectTests" */;
			buildPhases = (
				04167594C7F49E454B4A8C00 /* [CP] Check Pods Manifest.lock */,
				2D3F41BD1D3F65EB00A38A7B /* Sources */,
				2D3F41BE1D3F65EB00A38A7B /* Frameworks */,
				2D3F41BF1D3F65EB00A38A7B /* Resources */,
				A14146811778D3901B7FA40F /* [CP] Embed Pods Frameworks */,
				793558D4FA40047FC4981C4D /* [CP] Copy Pods Resources */,
			);
			buildRules = (
			);
			dependencies = (
				2D3F41C31D3F65EB00A38A7B /* PBXTargetDependency */,
			);
			name = iOSProjectTests;
			productName = iOSProjectTests;
			productReference = 2D3F41C11D3F65EB00A38A7B /* iOSProjectTests.xctest */;
			productType = "com.apple.product-type.bundle.unit-test";
		};
		2D3F41CB1D3F65EB00A38A7B /* iOSProjectUITests */ = {
			isa = PBXNativeTarget;
			buildConfigurationList = 2D3F41DB1D3F65EB00A38A7B /* Build configuration list for PBXNativeTarget "iOSProjectUITests" */;
			buildPhases = (
				2D3F41C81D3F65EB00A38A7B /* Sources */,
				2D3F41C91D3F65EB00A38A7B /* Frameworks */,
				2D3F41CA1D3F65EB00A38A7B /* Resources */,
			);
			buildRules = (
			);
			dependencies = (
				2D3F41CE1D3F65EB00A38A7B /* PBXTargetDependency */,
			);
			name = iOSProjectUITests;
			productName = iOSProjectUITests;
			productReference = 2D3F41CC1D3F65EB00A38A7B /* iOSProjectUITests.xctest */;
			productType = "com.apple.product-type.bundle.ui-testing";
		};
/* End PBXNativeTarget section */

/* Begin PBXProject section */
		2D3F41A01D3F65EB00A38A7B /* Project object */ = {
			isa = PBXProject;
			attributes = {
				LastUpgradeCheck = 0730;
				ORGANIZATIONNAME = "Pavel Bondar";
				TargetAttributes = {
					2D3F41A71D3F65EB00A38A7B = {
						CreatedOnToolsVersion = 7.3;
					};
					2D3F41C01D3F65EB00A38A7B = {
						CreatedOnToolsVersion = 7.3;
						TestTargetID = 2D3F41A71D3F65EB00A38A7B;
					};
					2D3F41CB1D3F65EB00A38A7B = {
						CreatedOnToolsVersion = 7.3;
						TestTargetID = 2D3F41A71D3F65EB00A38A7B;
					};
				};
			};
			buildConfigurationList = 2D3F41A31D3F65EB00A38A7B /* Build configuration list for PBXProject "iOSProject" */;
			compatibilityVersion = "Xcode 3.2";
			developmentRegion = English;
			hasScannedForEncodings = 0;
			knownRegions = (
				en,
				Base,
			);
			mainGroup = 2D3F419F1D3F65EB00A38A7B;
			productRefGroup = 2D3F41A91D3F65EB00A38A7B /* Products */;
			projectDirPath = "";
			projectRoot = "";
			targets = (
				2D3F41A71D3F65EB00A38A7B /* iOSProject */,
				2D3F41C01D3F65EB00A38A7B /* iOSProjectTests */,
				2D3F41CB1D3F65EB00A38A7B /* iOSProjectUITests */,
			);
		};
/* End PBXProject section */

/* Begin PBXResourcesBuildPhase section */
		2D3F41A61D3F65EB00A38A7B /* Resources */ = {
			isa = PBXResourcesBuildPhase;
			buildActionMask = 2147483647;
			files = (
				2D3F41EF1D3F6EB600A38A7B /* LaunchScreen.storyboard in Resources */,
				2D3F41F41D3F6EC500A38A7B /* Assets.xcassets in Resources */,
				2DD7637F1D782A0800CEB5EA /* BPVUsersViewController.xib in Resources */,
				2DD763811D782A0800CEB5EA /* BPVUserCell.xib in Resources */,
				2D1425BA1D8FCAB200C5AD2E /* BPVLoadingView.xib in Resources */,
				2DA8E99E1D51DF010067032D /* BPVUserLogo.png in Resources */,
				2D1425C91D9161D000C5AD2E /* BPVUserViewController.xib in Resources */,
				2DFBC5DF1D92E28C001F3BFE /* BPVLoginViewController.xib in Resources */,
				2D3F41F01D3F6EB600A38A7B /* Main.storyboard in Resources */,
				2D3F424D1D4C021500A38A7B /* BPVSquareViewController.xib in Resources */,
			);
			runOnlyForDeploymentPostprocessing = 0;
		};
		2D3F41BF1D3F65EB00A38A7B /* Resources */ = {
			isa = PBXResourcesBuildPhase;
			buildActionMask = 2147483647;
			files = (
				2D3F41F31D3F6EC400A38A7B /* Assets.xcassets in Resources */,
			);
			runOnlyForDeploymentPostprocessing = 0;
		};
		2D3F41CA1D3F65EB00A38A7B /* Resources */ = {
			isa = PBXResourcesBuildPhase;
			buildActionMask = 2147483647;
			files = (
			);
			runOnlyForDeploymentPostprocessing = 0;
		};
/* End PBXResourcesBuildPhase section */

/* Begin PBXShellScriptBuildPhase section */
		04167594C7F49E454B4A8C00 /* [CP] Check Pods Manifest.lock */ = {
			isa = PBXShellScriptBuildPhase;
			buildActionMask = 2147483647;
			files = (
			);
			inputPaths = (
			);
			name = "[CP] Check Pods Manifest.lock";
			outputPaths = (
			);
			runOnlyForDeploymentPostprocessing = 0;
			shellPath = /bin/sh;
			shellScript = "diff \"${PODS_ROOT}/../Podfile.lock\" \"${PODS_ROOT}/Manifest.lock\" > /dev/null\nif [[ $? != 0 ]] ; then\n    cat << EOM\nerror: The sandbox is not in sync with the Podfile.lock. Run 'pod install' or update your CocoaPods installation.\nEOM\n    exit 1\nfi\n";
			showEnvVarsInLog = 0;
		};
		2645DD87CE840DE8F235BDA8 /* [CP] Embed Pods Frameworks */ = {
			isa = PBXShellScriptBuildPhase;
			buildActionMask = 2147483647;
			files = (
			);
			inputPaths = (
			);
			name = "[CP] Embed Pods Frameworks";
			outputPaths = (
			);
			runOnlyForDeploymentPostprocessing = 0;
			shellPath = /bin/sh;
			shellScript = "\"${SRCROOT}/Pods/Target Support Files/Pods-iOSProject/Pods-iOSProject-frameworks.sh\"\n";
			showEnvVarsInLog = 0;
		};
		54919814979940092A35C2C5 /* [CP] Check Pods Manifest.lock */ = {
			isa = PBXShellScriptBuildPhase;
			buildActionMask = 2147483647;
			files = (
			);
			inputPaths = (
			);
			name = "[CP] Check Pods Manifest.lock";
			outputPaths = (
			);
			runOnlyForDeploymentPostprocessing = 0;
			shellPath = /bin/sh;
			shellScript = "diff \"${PODS_ROOT}/../Podfile.lock\" \"${PODS_ROOT}/Manifest.lock\" > /dev/null\nif [[ $? != 0 ]] ; then\n    cat << EOM\nerror: The sandbox is not in sync with the Podfile.lock. Run 'pod install' or update your CocoaPods installation.\nEOM\n    exit 1\nfi\n";
			showEnvVarsInLog = 0;
		};
		793558D4FA40047FC4981C4D /* [CP] Copy Pods Resources */ = {
			isa = PBXShellScriptBuildPhase;
			buildActionMask = 2147483647;
			files = (
			);
			inputPaths = (
			);
			name = "[CP] Copy Pods Resources";
			outputPaths = (
			);
			runOnlyForDeploymentPostprocessing = 0;
			shellPath = /bin/sh;
			shellScript = "\"${SRCROOT}/Pods/Target Support Files/Pods-iOSProjectTests/Pods-iOSProjectTests-resources.sh\"\n";
			showEnvVarsInLog = 0;
		};
		A14146811778D3901B7FA40F /* [CP] Embed Pods Frameworks */ = {
			isa = PBXShellScriptBuildPhase;
			buildActionMask = 2147483647;
			files = (
			);
			inputPaths = (
			);
			name = "[CP] Embed Pods Frameworks";
			outputPaths = (
			);
			runOnlyForDeploymentPostprocessing = 0;
			shellPath = /bin/sh;
			shellScript = "\"${SRCROOT}/Pods/Target Support Files/Pods-iOSProjectTests/Pods-iOSProjectTests-frameworks.sh\"\n";
			showEnvVarsInLog = 0;
		};
		A52017EE75E48E1BDB310EE0 /* [CP] Copy Pods Resources */ = {
			isa = PBXShellScriptBuildPhase;
			buildActionMask = 2147483647;
			files = (
			);
			inputPaths = (
			);
			name = "[CP] Copy Pods Resources";
			outputPaths = (
			);
			runOnlyForDeploymentPostprocessing = 0;
			shellPath = /bin/sh;
			shellScript = "\"${SRCROOT}/Pods/Target Support Files/Pods-iOSProject/Pods-iOSProject-resources.sh\"\n";
			showEnvVarsInLog = 0;
		};
/* End PBXShellScriptBuildPhase section */

/* Begin PBXSourcesBuildPhase section */
		2D3F41A41D3F65EB00A38A7B /* Sources */ = {
			isa = PBXSourcesBuildPhase;
			buildActionMask = 2147483647;
			files = (
				2D328D701D5CADF70064C76D /* BPVUser.m in Sources */,
				2D805F091D8AD0140057A232 /* BPVSupportEntity.m in Sources */,
				2D805EFD1D8AD0140057A232 /* BPVMoveModel+UITableView.m in Sources */,
				2D805EF91D8AD0140057A232 /* BPVMoveModel+BPVArrayModel.m in Sources */,
				2DD7637E1D782A0800CEB5EA /* BPVUsersViewController.m in Sources */,
				2DD763D61D86DEBB00CEB5EA /* BPVInternetImage.m in Sources */,
				2D805F041D8AD0140057A232 /* NSKeyedUnarchiver+BPVExtensions.m in Sources */,
				2DD763C01D7EC0C800CEB5EA /* BPVFilteredModel.m in Sources */,
				2D1425BB1D8FCAB200C5AD2E /* BPVView.m in Sources */,
				2D805F081D8AD0140057A232 /* NSTimer+BPVExtensions.m in Sources */,
				2DD7639F1D786A2600CEB5EA /* BPVTwoIndexArrayChange.m in Sources */,
				2D805F061D8AD0140057A232 /* NSString+BPVExtensions.m in Sources */,
				2DD7639E1D786A2600CEB5EA /* BPVOneIndexArrayChange.m in Sources */,
				2DD763871D782A3000CEB5EA /* BPVTableViewController.m in Sources */,
				2DFBC5DA1D92E277001F3BFE /* BPVLoginView.m in Sources */,
				2DD763A01D786A2600CEB5EA /* BPVAddModel.m in Sources */,
				2DD7637D1D782A0800CEB5EA /* BPVUsersView.m in Sources */,
				2D805F011D8AD0140057A232 /* NSBundle+BPVExtensions.m in Sources */,
				2D1425B81D8FCAB200C5AD2E /* BPVImageView.m in Sources */,
				2DE873A41D75C24800A3550A /* BPVMacro.m in Sources */,
				2DD763A21D786A2600CEB5EA /* BPVRemoveModel.m in Sources */,
				2D805F021D8AD0140057A232 /* NSFileManager+BPVExtensions.m in Sources */,
				2DA8E9671D4CDE880067032D /* BPVTableViewCell.m in Sources */,
				2D805F0A1D8AD0140057A232 /* UINib+BPVExtensions.m in Sources */,
				2D4828991D6AEADC00AF3617 /* BPVGCD.m in Sources */,
				2D3F41FF1D3FA29800A38A7B /* main.m in Sources */,
				2D805F001D8AD0140057A232 /* NSArray+BPVExtensions.m in Sources */,
				2DD763A11D786A2600CEB5EA /* BPVMoveModel.m in Sources */,
				2D805EF71D8AD0140057A232 /* BPVAddModel+BPVArrayModel.m in Sources */,
				2DFBC5DE1D92E28C001F3BFE /* BPVLoginViewController.m in Sources */,
				2D1425C81D9161D000C5AD2E /* BPVUserViewController.m in Sources */,
				2D805F051D8AD0140057A232 /* NSMutableArray+BPVExtensions.m in Sources */,
				2D1425B91D8FCAB200C5AD2E /* BPVLoadingView.m in Sources */,
				2D805F071D8AD0140057A232 /* NSString+BPVRandomName.m in Sources */,
				2DD763C71D82DE3B00CEB5EA /* BPVImagesCache.m in Sources */,
				2D328D6F1D5CADF70064C76D /* BPVImage.m in Sources */,
				2D805F0D1D8AD0140057A232 /* UIWindow+BPVExtensions.m in Sources */,
				2D805F101D8AD3080057A232 /* BPVModel.m in Sources */,
				2D805EFC1D8AD0140057A232 /* BPVArrayChange+UITableView.m in Sources */,
				2DD763A61D786A3900CEB5EA /* BPVArrayModel.m in Sources */,
				2D1425C21D915F4900C5AD2E /* BPVUserView.m in Sources */,
				2DD763801D782A0800CEB5EA /* BPVUserCell.m in Sources */,
				2D805EFB1D8AD0140057A232 /* BPVAddModel+UITableView.m in Sources */,
				2D805F031D8AD0140057A232 /* NSIndexPath+BPVExtensions.m in Sources */,
				2D1425D11D92755E00C5AD2E /* BPVViewController.m in Sources */,
				2D3F424B1D4C021500A38A7B /* BPVBackgroundView.m in Sources */,
				2DA8E9621D4C89DC0067032D /* BPVObservableObject.m in Sources */,
				2DD764001D87F94100CEB5EA /* BPVLocalImage.m in Sources */,
				2D805EFE1D8AD0140057A232 /* BPVRemoveModel+UITableView.m in Sources */,
				2DD7639D1D786A2600CEB5EA /* BPVArrayChange.m in Sources */,
				2D805F0B1D8AD0140057A232 /* UITableView+BPVExtensions.m in Sources */,
				2D805EF81D8AD0140057A232 /* BPVArrayChange+BPVArrayModel.m in Sources */,
				2D3F41FD1D3FA29800A38A7B /* BPVAppDelegate.m in Sources */,
				2D805EFA1D8AD0140057A232 /* BPVRemoveModel+BPVArrayModel.m in Sources */,
				2D3F424C1D4C021500A38A7B /* BPVSquareViewController.m in Sources */,
				2DD763B41D7D8BA500CEB5EA /* BPVQueue.m in Sources */,
				2D328D721D5CADF70064C76D /* BPVUsers.m in Sources */,
				2D805F0C1D8AD0140057A232 /* UIViewController+BPVExtensions.m in Sources */,
			);
			runOnlyForDeploymentPostprocessing = 0;
		};
		2D3F41BD1D3F65EB00A38A7B /* Sources */ = {
			isa = PBXSourcesBuildPhase;
			buildActionMask = 2147483647;
			files = (
				2DBE77B31D72BF2B0057DDC0 /* BPVArrayModelTest.m in Sources */,
			);
			runOnlyForDeploymentPostprocessing = 0;
		};
		2D3F41C81D3F65EB00A38A7B /* Sources */ = {
			isa = PBXSourcesBuildPhase;
			buildActionMask = 2147483647;
			files = (
				2D3F41D11D3F65EB00A38A7B /* iOSProjectUITests.m in Sources */,
			);
			runOnlyForDeploymentPostprocessing = 0;
		};
/* End PBXSourcesBuildPhase section */

/* Begin PBXTargetDependency section */
		2D3F41C31D3F65EB00A38A7B /* PBXTargetDependency */ = {
			isa = PBXTargetDependency;
			target = 2D3F41A71D3F65EB00A38A7B /* iOSProject */;
			targetProxy = 2D3F41C21D3F65EB00A38A7B /* PBXContainerItemProxy */;
		};
		2D3F41CE1D3F65EB00A38A7B /* PBXTargetDependency */ = {
			isa = PBXTargetDependency;
			target = 2D3F41A71D3F65EB00A38A7B /* iOSProject */;
			targetProxy = 2D3F41CD1D3F65EB00A38A7B /* PBXContainerItemProxy */;
		};
/* End PBXTargetDependency section */

/* Begin PBXVariantGroup section */
		2D3F41E51D3F6EB600A38A7B /* LaunchScreen.storyboard */ = {
			isa = PBXVariantGroup;
			children = (
				2D3F41E61D3F6EB600A38A7B /* Base */,
			);
			name = LaunchScreen.storyboard;
			sourceTree = "<group>";
		};
		2D3F41E71D3F6EB600A38A7B /* Main.storyboard */ = {
			isa = PBXVariantGroup;
			children = (
				2D3F41E81D3F6EB600A38A7B /* Base */,
			);
			name = Main.storyboard;
			sourceTree = "<group>";
		};
/* End PBXVariantGroup section */

/* Begin XCBuildConfiguration section */
		2D3F41D31D3F65EB00A38A7B /* Debug */ = {
			isa = XCBuildConfiguration;
			buildSettings = {
				ALWAYS_SEARCH_USER_PATHS = NO;
				CLANG_ANALYZER_NONNULL = YES;
				CLANG_CXX_LANGUAGE_STANDARD = "gnu++0x";
				CLANG_CXX_LIBRARY = "libc++";
				CLANG_ENABLE_MODULES = YES;
				CLANG_ENABLE_OBJC_ARC = YES;
				CLANG_WARN_BOOL_CONVERSION = YES;
				CLANG_WARN_CONSTANT_CONVERSION = YES;
				CLANG_WARN_DIRECT_OBJC_ISA_USAGE = YES_ERROR;
				CLANG_WARN_EMPTY_BODY = YES;
				CLANG_WARN_ENUM_CONVERSION = YES;
				CLANG_WARN_INT_CONVERSION = YES;
				CLANG_WARN_OBJC_ROOT_CLASS = YES_ERROR;
				CLANG_WARN_UNREACHABLE_CODE = YES;
				CLANG_WARN__DUPLICATE_METHOD_MATCH = YES;
				"CODE_SIGN_IDENTITY[sdk=iphoneos*]" = "iPhone Developer";
				COPY_PHASE_STRIP = NO;
				DEBUG_INFORMATION_FORMAT = dwarf;
				ENABLE_STRICT_OBJC_MSGSEND = YES;
				ENABLE_TESTABILITY = YES;
				GCC_C_LANGUAGE_STANDARD = gnu99;
				GCC_DYNAMIC_NO_PIC = NO;
				GCC_NO_COMMON_BLOCKS = YES;
				GCC_OPTIMIZATION_LEVEL = 0;
				GCC_PREPROCESSOR_DEFINITIONS = (
					"DEBUG=1",
					"$(inherited)",
				);
				GCC_WARN_64_TO_32_BIT_CONVERSION = YES;
				GCC_WARN_ABOUT_RETURN_TYPE = YES_ERROR;
				GCC_WARN_SHADOW = NO;
				GCC_WARN_UNDECLARED_SELECTOR = YES;
				GCC_WARN_UNINITIALIZED_AUTOS = YES_AGGRESSIVE;
				GCC_WARN_UNUSED_FUNCTION = YES;
				GCC_WARN_UNUSED_VARIABLE = YES;
				IPHONEOS_DEPLOYMENT_TARGET = 9.0;
				MTL_ENABLE_DEBUG_INFO = YES;
				ONLY_ACTIVE_ARCH = YES;
				SDKROOT = iphoneos;
				TARGETED_DEVICE_FAMILY = "1,2";
			};
			name = Debug;
		};
		2D3F41D41D3F65EB00A38A7B /* Release */ = {
			isa = XCBuildConfiguration;
			buildSettings = {
				ALWAYS_SEARCH_USER_PATHS = NO;
				CLANG_ANALYZER_NONNULL = YES;
				CLANG_CXX_LANGUAGE_STANDARD = "gnu++0x";
				CLANG_CXX_LIBRARY = "libc++";
				CLANG_ENABLE_MODULES = YES;
				CLANG_ENABLE_OBJC_ARC = YES;
				CLANG_WARN_BOOL_CONVERSION = YES;
				CLANG_WARN_CONSTANT_CONVERSION = YES;
				CLANG_WARN_DIRECT_OBJC_ISA_USAGE = YES_ERROR;
				CLANG_WARN_EMPTY_BODY = YES;
				CLANG_WARN_ENUM_CONVERSION = YES;
				CLANG_WARN_INT_CONVERSION = YES;
				CLANG_WARN_OBJC_ROOT_CLASS = YES_ERROR;
				CLANG_WARN_UNREACHABLE_CODE = YES;
				CLANG_WARN__DUPLICATE_METHOD_MATCH = YES;
				"CODE_SIGN_IDENTITY[sdk=iphoneos*]" = "iPhone Developer";
				COPY_PHASE_STRIP = NO;
				DEBUG_INFORMATION_FORMAT = "dwarf-with-dsym";
				ENABLE_NS_ASSERTIONS = NO;
				ENABLE_STRICT_OBJC_MSGSEND = YES;
				GCC_C_LANGUAGE_STANDARD = gnu99;
				GCC_NO_COMMON_BLOCKS = YES;
				GCC_WARN_64_TO_32_BIT_CONVERSION = YES;
				GCC_WARN_ABOUT_RETURN_TYPE = YES_ERROR;
				GCC_WARN_SHADOW = NO;
				GCC_WARN_UNDECLARED_SELECTOR = YES;
				GCC_WARN_UNINITIALIZED_AUTOS = YES_AGGRESSIVE;
				GCC_WARN_UNUSED_FUNCTION = YES;
				GCC_WARN_UNUSED_VARIABLE = YES;
				IPHONEOS_DEPLOYMENT_TARGET = 9.0;
				MTL_ENABLE_DEBUG_INFO = NO;
				SDKROOT = iphoneos;
				TARGETED_DEVICE_FAMILY = "1,2";
				VALIDATE_PRODUCT = YES;
			};
			name = Release;
		};
		2D3F41D61D3F65EB00A38A7B /* Debug */ = {
			isa = XCBuildConfiguration;
			baseConfigurationReference = A25F584F31364ECA33A18054 /* Pods-iOSProject.debug.xcconfig */;
			buildSettings = {
				ASSETCATALOG_COMPILER_APPICON_NAME = AppIcon;
				INFOPLIST_FILE = iOSProject/Info.plist;
				LD_RUNPATH_SEARCH_PATHS = "$(inherited) @executable_path/Frameworks";
				PRODUCT_BUNDLE_IDENTIFIER = pavelbondar.iOSProject;
				PRODUCT_NAME = "$(TARGET_NAME)";
			};
			name = Debug;
		};
		2D3F41D71D3F65EB00A38A7B /* Release */ = {
			isa = XCBuildConfiguration;
			baseConfigurationReference = F107BA68DD19373E7CBA7BB3 /* Pods-iOSProject.release.xcconfig */;
			buildSettings = {
				ASSETCATALOG_COMPILER_APPICON_NAME = AppIcon;
				INFOPLIST_FILE = iOSProject/Info.plist;
				LD_RUNPATH_SEARCH_PATHS = "$(inherited) @executable_path/Frameworks";
				PRODUCT_BUNDLE_IDENTIFIER = pavelbondar.iOSProject;
				PRODUCT_NAME = "$(TARGET_NAME)";
			};
			name = Release;
		};
		2D3F41D91D3F65EB00A38A7B /* Debug */ = {
			isa = XCBuildConfiguration;
			baseConfigurationReference = 2809F6776B7F87F0D9655301 /* Pods-iOSProjectTests.debug.xcconfig */;
			buildSettings = {
				BUNDLE_LOADER = "$(TEST_HOST)";
				INFOPLIST_FILE = iOSProjectTests/Info.plist;
				LD_RUNPATH_SEARCH_PATHS = "$(inherited) @executable_path/Frameworks @loader_path/Frameworks";
				PRODUCT_BUNDLE_IDENTIFIER = pavelbondar.iOSProjectTests;
				PRODUCT_NAME = "$(TARGET_NAME)";
				TEST_HOST = "$(BUILT_PRODUCTS_DIR)/iOSProject.app/iOSProject";
			};
			name = Debug;
		};
		2D3F41DA1D3F65EB00A38A7B /* Release */ = {
			isa = XCBuildConfiguration;
			baseConfigurationReference = 93D0410507B8541589EE8A52 /* Pods-iOSProjectTests.release.xcconfig */;
			buildSettings = {
				BUNDLE_LOADER = "$(TEST_HOST)";
				INFOPLIST_FILE = iOSProjectTests/Info.plist;
				LD_RUNPATH_SEARCH_PATHS = "$(inherited) @executable_path/Frameworks @loader_path/Frameworks";
				PRODUCT_BUNDLE_IDENTIFIER = pavelbondar.iOSProjectTests;
				PRODUCT_NAME = "$(TARGET_NAME)";
				TEST_HOST = "$(BUILT_PRODUCTS_DIR)/iOSProject.app/iOSProject";
			};
			name = Release;
		};
		2D3F41DC1D3F65EB00A38A7B /* Debug */ = {
			isa = XCBuildConfiguration;
			buildSettings = {
				INFOPLIST_FILE = iOSProjectUITests/Info.plist;
				LD_RUNPATH_SEARCH_PATHS = "$(inherited) @executable_path/Frameworks @loader_path/Frameworks";
				PRODUCT_BUNDLE_IDENTIFIER = pavelbondar.iOSProjectUITests;
				PRODUCT_NAME = "$(TARGET_NAME)";
				TEST_TARGET_NAME = iOSProject;
			};
			name = Debug;
		};
		2D3F41DD1D3F65EB00A38A7B /* Release */ = {
			isa = XCBuildConfiguration;
			buildSettings = {
				INFOPLIST_FILE = iOSProjectUITests/Info.plist;
				LD_RUNPATH_SEARCH_PATHS = "$(inherited) @executable_path/Frameworks @loader_path/Frameworks";
				PRODUCT_BUNDLE_IDENTIFIER = pavelbondar.iOSProjectUITests;
				PRODUCT_NAME = "$(TARGET_NAME)";
				TEST_TARGET_NAME = iOSProject;
			};
			name = Release;
		};
/* End XCBuildConfiguration section */

/* Begin XCConfigurationList section */
		2D3F41A31D3F65EB00A38A7B /* Build configuration list for PBXProject "iOSProject" */ = {
			isa = XCConfigurationList;
			buildConfigurations = (
				2D3F41D31D3F65EB00A38A7B /* Debug */,
				2D3F41D41D3F65EB00A38A7B /* Release */,
			);
			defaultConfigurationIsVisible = 0;
			defaultConfigurationName = Release;
		};
		2D3F41D51D3F65EB00A38A7B /* Build configuration list for PBXNativeTarget "iOSProject" */ = {
			isa = XCConfigurationList;
			buildConfigurations = (
				2D3F41D61D3F65EB00A38A7B /* Debug */,
				2D3F41D71D3F65EB00A38A7B /* Release */,
			);
			defaultConfigurationIsVisible = 0;
			defaultConfigurationName = Release;
		};
		2D3F41D81D3F65EB00A38A7B /* Build configuration list for PBXNativeTarget "iOSProjectTests" */ = {
			isa = XCConfigurationList;
			buildConfigurations = (
				2D3F41D91D3F65EB00A38A7B /* Debug */,
				2D3F41DA1D3F65EB00A38A7B /* Release */,
			);
			defaultConfigurationIsVisible = 0;
			defaultConfigurationName = Release;
		};
		2D3F41DB1D3F65EB00A38A7B /* Build configuration list for PBXNativeTarget "iOSProjectUITests" */ = {
			isa = XCConfigurationList;
			buildConfigurations = (
				2D3F41DC1D3F65EB00A38A7B /* Debug */,
				2D3F41DD1D3F65EB00A38A7B /* Release */,
			);
			defaultConfigurationIsVisible = 0;
			defaultConfigurationName = Release;
		};
/* End XCConfigurationList section */
	};
	rootObject = 2D3F41A01D3F65EB00A38A7B /* Project object */;
}
