// !$*UTF8*$!
{
	archiveVersion = 1;
	classes = {
	};
	objectVersion = 46;
	objects = {

/* Begin PBXBuildFile section */
		2D3F41D11D3F65EB00A38A7B /* iOSProjectUITests.m in Sources */ = {isa = PBXBuildFile; fileRef = 2D3F41D01D3F65EB00A38A7B /* iOSProjectUITests.m */; };
		2D3F41EF1D3F6EB600A38A7B /* LaunchScreen.storyboard in Resources */ = {isa = PBXBuildFile; fileRef = 2D3F41E51D3F6EB600A38A7B /* LaunchScreen.storyboard */; };
		2D3F41F01D3F6EB600A38A7B /* Main.storyboard in Resources */ = {isa = PBXBuildFile; fileRef = 2D3F41E71D3F6EB600A38A7B /* Main.storyboard */; };
		2D3F41F31D3F6EC400A38A7B /* Assets.xcassets in Resources */ = {isa = PBXBuildFile; fileRef = 2D3F41E41D3F6EB600A38A7B /* Assets.xcassets */; };
		2D3F41F41D3F6EC500A38A7B /* Assets.xcassets in Resources */ = {isa = PBXBuildFile; fileRef = 2D3F41E41D3F6EB600A38A7B /* Assets.xcassets */; };
		2D3F41FD1D3FA29800A38A7B /* BPVAppDelegate.m in Sources */ = {isa = PBXBuildFile; fileRef = 2D3F41FA1D3FA29800A38A7B /* BPVAppDelegate.m */; };
		2D3F41FE1D3FA29800A38A7B /* Info.plist in Resources */ = {isa = PBXBuildFile; fileRef = 2D3F41FB1D3FA29800A38A7B /* Info.plist */; };
		2D3F41FF1D3FA29800A38A7B /* main.m in Sources */ = {isa = PBXBuildFile; fileRef = 2D3F41FC1D3FA29800A38A7B /* main.m */; };
		2D3F42131D40C5D600A38A7B /* BPVMacro.m in Sources */ = {isa = PBXBuildFile; fileRef = 2D3F42121D40C5D600A38A7B /* BPVMacro.m */; };
		2D3F424B1D4C021500A38A7B /* BPVBackgroundView.m in Sources */ = {isa = PBXBuildFile; fileRef = 2D3F42461D4C021500A38A7B /* BPVBackgroundView.m */; };
		2D3F424C1D4C021500A38A7B /* BPVSquareViewController.m in Sources */ = {isa = PBXBuildFile; fileRef = 2D3F42481D4C021500A38A7B /* BPVSquareViewController.m */; };
		2D3F424D1D4C021500A38A7B /* BPVSquareViewController.xib in Resources */ = {isa = PBXBuildFile; fileRef = 2D3F42491D4C021500A38A7B /* BPVSquareViewController.xib */; };
		2DA8E95D1D4C89AE0067032D /* BPVTableViewController.m in Sources */ = {isa = PBXBuildFile; fileRef = 2DA8E95B1D4C89AE0067032D /* BPVTableViewController.m */; };
		2DA8E95E1D4C89AE0067032D /* BPVTableViewController.xib in Resources */ = {isa = PBXBuildFile; fileRef = 2DA8E95C1D4C89AE0067032D /* BPVTableViewController.xib */; };
		2DA8E9621D4C89DC0067032D /* BPVObservableObject.m in Sources */ = {isa = PBXBuildFile; fileRef = 2DA8E9611D4C89DC0067032D /* BPVObservableObject.m */; };
		2DA8E9671D4CDE880067032D /* BPVTableViewCell.m in Sources */ = {isa = PBXBuildFile; fileRef = 2DA8E9661D4CDE880067032D /* BPVTableViewCell.m */; };
		2DA8E96C1D4CE33A0067032D /* BPVUserCell.m in Sources */ = {isa = PBXBuildFile; fileRef = 2DA8E96A1D4CE33A0067032D /* BPVUserCell.m */; };
		2DA8E96D1D4CE33A0067032D /* BPVUserCell.xib in Resources */ = {isa = PBXBuildFile; fileRef = 2DA8E96B1D4CE33A0067032D /* BPVUserCell.xib */; };
		2DA8E97E1D4CE8940067032D /* BPVUser.m in Sources */ = {isa = PBXBuildFile; fileRef = 2DA8E97D1D4CE8940067032D /* BPVUser.m */; };
		2DA8E98A1D4CE9C30067032D /* NSArray+BPVExtensions.m in Sources */ = {isa = PBXBuildFile; fileRef = 2DA8E9821D4CE9C30067032D /* NSArray+BPVExtensions.m */; };
		2DA8E98B1D4CE9C30067032D /* NSString+BPVExtensions.m in Sources */ = {isa = PBXBuildFile; fileRef = 2DA8E9851D4CE9C30067032D /* NSString+BPVExtensions.m */; };
		2DA8E98C1D4CE9C30067032D /* NSTimer+BPVExtensions.m in Sources */ = {isa = PBXBuildFile; fileRef = 2DA8E9891D4CE9C30067032D /* NSTimer+BPVExtensions.m */; };
		2DA8E98F1D4CF6F60067032D /* NSString+BPVRandomName.m in Sources */ = {isa = PBXBuildFile; fileRef = 2DA8E98E1D4CF6F60067032D /* NSString+BPVRandomName.m */; };
		2DA8E9921D4CFE5B0067032D /* BPVUsersView.m in Sources */ = {isa = PBXBuildFile; fileRef = 2DA8E9911D4CFE5B0067032D /* BPVUsersView.m */; };
		2DA8E9971D4D00900067032D /* BPVSupportEntity.m in Sources */ = {isa = PBXBuildFile; fileRef = 2DA8E9961D4D00900067032D /* BPVSupportEntity.m */; };
		2DA8E99E1D51DF010067032D /* BPVUserLogo.png in Resources */ = {isa = PBXBuildFile; fileRef = 2DA8E99D1D51DF010067032D /* BPVUserLogo.png */; };
		90F58E8844B03E008B9F909B /* libPods-iOSProjectTests.a in Frameworks */ = {isa = PBXBuildFile; fileRef = E14945B9782108B5601F4979 /* libPods-iOSProjectTests.a */; };
/* End PBXBuildFile section */

/* Begin PBXContainerItemProxy section */
		2D3F41C21D3F65EB00A38A7B /* PBXContainerItemProxy */ = {
			isa = PBXContainerItemProxy;
			containerPortal = 2D3F41A01D3F65EB00A38A7B /* Project object */;
			proxyType = 1;
			remoteGlobalIDString = 2D3F41A71D3F65EB00A38A7B;
			remoteInfo = iOSProject;
		};
		2D3F41CD1D3F65EB00A38A7B /* PBXContainerItemProxy */ = {
			isa = PBXContainerItemProxy;
			containerPortal = 2D3F41A01D3F65EB00A38A7B /* Project object */;
			proxyType = 1;
			remoteGlobalIDString = 2D3F41A71D3F65EB00A38A7B;
			remoteInfo = iOSProject;
		};
/* End PBXContainerItemProxy section */

/* Begin PBXFileReference section */
		2809F6776B7F87F0D9655301 /* Pods-iOSProjectTests.debug.xcconfig */ = {isa = PBXFileReference; includeInIndex = 1; lastKnownFileType = text.xcconfig; name = "Pods-iOSProjectTests.debug.xcconfig"; path = "Pods/Target Support Files/Pods-iOSProjectTests/Pods-iOSProjectTests.debug.xcconfig"; sourceTree = "<group>"; };
		2D3F41A81D3F65EB00A38A7B /* iOSProject.app */ = {isa = PBXFileReference; explicitFileType = wrapper.application; includeInIndex = 0; path = iOSProject.app; sourceTree = BUILT_PRODUCTS_DIR; };
		2D3F41C11D3F65EB00A38A7B /* iOSProjectTests.xctest */ = {isa = PBXFileReference; explicitFileType = wrapper.cfbundle; includeInIndex = 0; path = iOSProjectTests.xctest; sourceTree = BUILT_PRODUCTS_DIR; };
		2D3F41C71D3F65EB00A38A7B /* Info.plist */ = {isa = PBXFileReference; lastKnownFileType = text.plist.xml; path = Info.plist; sourceTree = "<group>"; };
		2D3F41CC1D3F65EB00A38A7B /* iOSProjectUITests.xctest */ = {isa = PBXFileReference; explicitFileType = wrapper.cfbundle; includeInIndex = 0; path = iOSProjectUITests.xctest; sourceTree = BUILT_PRODUCTS_DIR; };
		2D3F41D01D3F65EB00A38A7B /* iOSProjectUITests.m */ = {isa = PBXFileReference; lastKnownFileType = sourcecode.c.objc; path = iOSProjectUITests.m; sourceTree = "<group>"; };
		2D3F41D21D3F65EB00A38A7B /* Info.plist */ = {isa = PBXFileReference; lastKnownFileType = text.plist.xml; path = Info.plist; sourceTree = "<group>"; };
		2D3F41E41D3F6EB600A38A7B /* Assets.xcassets */ = {isa = PBXFileReference; lastKnownFileType = folder.assetcatalog; path = Assets.xcassets; sourceTree = "<group>"; };
		2D3F41E61D3F6EB600A38A7B /* Base */ = {isa = PBXFileReference; lastKnownFileType = file.storyboard; name = Base; path = Base.lproj/LaunchScreen.storyboard; sourceTree = "<group>"; };
		2D3F41E81D3F6EB600A38A7B /* Base */ = {isa = PBXFileReference; lastKnownFileType = file.storyboard; name = Base; path = Base.lproj/Main.storyboard; sourceTree = "<group>"; };
		2D3F41F91D3FA29800A38A7B /* BPVAppDelegate.h */ = {isa = PBXFileReference; fileEncoding = 4; lastKnownFileType = sourcecode.c.h; path = BPVAppDelegate.h; sourceTree = "<group>"; };
		2D3F41FA1D3FA29800A38A7B /* BPVAppDelegate.m */ = {isa = PBXFileReference; fileEncoding = 4; lastKnownFileType = sourcecode.c.objc; path = BPVAppDelegate.m; sourceTree = "<group>"; };
		2D3F41FB1D3FA29800A38A7B /* Info.plist */ = {isa = PBXFileReference; fileEncoding = 4; lastKnownFileType = text.plist.xml; path = Info.plist; sourceTree = "<group>"; };
		2D3F41FC1D3FA29800A38A7B /* main.m */ = {isa = PBXFileReference; fileEncoding = 4; lastKnownFileType = sourcecode.c.objc; path = main.m; sourceTree = "<group>"; };
		2D3F42111D40C2EB00A38A7B /* BPVMacro.h */ = {isa = PBXFileReference; lastKnownFileType = sourcecode.c.h; path = BPVMacro.h; sourceTree = "<group>"; };
		2D3F42121D40C5D600A38A7B /* BPVMacro.m */ = {isa = PBXFileReference; fileEncoding = 4; lastKnownFileType = sourcecode.c.objc; path = BPVMacro.m; sourceTree = "<group>"; };
		2D3F42451D4C021500A38A7B /* BPVBackgroundView.h */ = {isa = PBXFileReference; fileEncoding = 4; lastKnownFileType = sourcecode.c.h; path = BPVBackgroundView.h; sourceTree = "<group>"; };
		2D3F42461D4C021500A38A7B /* BPVBackgroundView.m */ = {isa = PBXFileReference; fileEncoding = 4; lastKnownFileType = sourcecode.c.objc; path = BPVBackgroundView.m; sourceTree = "<group>"; };
		2D3F42471D4C021500A38A7B /* BPVSquareViewController.h */ = {isa = PBXFileReference; fileEncoding = 4; lastKnownFileType = sourcecode.c.h; path = BPVSquareViewController.h; sourceTree = "<group>"; };
		2D3F42481D4C021500A38A7B /* BPVSquareViewController.m */ = {isa = PBXFileReference; fileEncoding = 4; lastKnownFileType = sourcecode.c.objc; path = BPVSquareViewController.m; sourceTree = "<group>"; };
		2D3F42491D4C021500A38A7B /* BPVSquareViewController.xib */ = {isa = PBXFileReference; fileEncoding = 4; lastKnownFileType = file.xib; path = BPVSquareViewController.xib; sourceTree = "<group>"; };
		2DA8E95A1D4C89AE0067032D /* BPVTableViewController.h */ = {isa = PBXFileReference; fileEncoding = 4; lastKnownFileType = sourcecode.c.h; path = BPVTableViewController.h; sourceTree = "<group>"; };
		2DA8E95B1D4C89AE0067032D /* BPVTableViewController.m */ = {isa = PBXFileReference; fileEncoding = 4; lastKnownFileType = sourcecode.c.objc; path = BPVTableViewController.m; sourceTree = "<group>"; };
		2DA8E95C1D4C89AE0067032D /* BPVTableViewController.xib */ = {isa = PBXFileReference; fileEncoding = 4; lastKnownFileType = file.xib; path = BPVTableViewController.xib; sourceTree = "<group>"; };
		2DA8E9601D4C89DC0067032D /* BPVObservableObject.h */ = {isa = PBXFileReference; fileEncoding = 4; lastKnownFileType = sourcecode.c.h; path = BPVObservableObject.h; sourceTree = "<group>"; };
		2DA8E9611D4C89DC0067032D /* BPVObservableObject.m */ = {isa = PBXFileReference; fileEncoding = 4; lastKnownFileType = sourcecode.c.objc; path = BPVObservableObject.m; sourceTree = "<group>"; };
		2DA8E9651D4CDE880067032D /* BPVTableViewCell.h */ = {isa = PBXFileReference; fileEncoding = 4; lastKnownFileType = sourcecode.c.h; path = BPVTableViewCell.h; sourceTree = "<group>"; };
		2DA8E9661D4CDE880067032D /* BPVTableViewCell.m */ = {isa = PBXFileReference; fileEncoding = 4; lastKnownFileType = sourcecode.c.objc; path = BPVTableViewCell.m; sourceTree = "<group>"; };
		2DA8E9691D4CE33A0067032D /* BPVUserCell.h */ = {isa = PBXFileReference; fileEncoding = 4; lastKnownFileType = sourcecode.c.h; path = BPVUserCell.h; sourceTree = "<group>"; };
		2DA8E96A1D4CE33A0067032D /* BPVUserCell.m */ = {isa = PBXFileReference; fileEncoding = 4; lastKnownFileType = sourcecode.c.objc; path = BPVUserCell.m; sourceTree = "<group>"; };
		2DA8E96B1D4CE33A0067032D /* BPVUserCell.xib */ = {isa = PBXFileReference; fileEncoding = 4; lastKnownFileType = file.xib; path = BPVUserCell.xib; sourceTree = "<group>"; };
		2DA8E97C1D4CE8940067032D /* BPVUser.h */ = {isa = PBXFileReference; fileEncoding = 4; lastKnownFileType = sourcecode.c.h; path = BPVUser.h; sourceTree = "<group>"; };
		2DA8E97D1D4CE8940067032D /* BPVUser.m */ = {isa = PBXFileReference; fileEncoding = 4; lastKnownFileType = sourcecode.c.objc; path = BPVUser.m; sourceTree = "<group>"; };
		2DA8E9811D4CE9C30067032D /* NSArray+BPVExtensions.h */ = {isa = PBXFileReference; fileEncoding = 4; lastKnownFileType = sourcecode.c.h; path = "NSArray+BPVExtensions.h"; sourceTree = "<group>"; };
		2DA8E9821D4CE9C30067032D /* NSArray+BPVExtensions.m */ = {isa = PBXFileReference; fileEncoding = 4; lastKnownFileType = sourcecode.c.objc; path = "NSArray+BPVExtensions.m"; sourceTree = "<group>"; };
		2DA8E9841D4CE9C30067032D /* NSString+BPVExtensions.h */ = {isa = PBXFileReference; fileEncoding = 4; lastKnownFileType = sourcecode.c.h; path = "NSString+BPVExtensions.h"; sourceTree = "<group>"; };
		2DA8E9851D4CE9C30067032D /* NSString+BPVExtensions.m */ = {isa = PBXFileReference; fileEncoding = 4; lastKnownFileType = sourcecode.c.objc; path = "NSString+BPVExtensions.m"; sourceTree = "<group>"; };
		2DA8E9881D4CE9C30067032D /* NSTimer+BPVExtensions.h */ = {isa = PBXFileReference; fileEncoding = 4; lastKnownFileType = sourcecode.c.h; path = "NSTimer+BPVExtensions.h"; sourceTree = "<group>"; };
		2DA8E9891D4CE9C30067032D /* NSTimer+BPVExtensions.m */ = {isa = PBXFileReference; fileEncoding = 4; lastKnownFileType = sourcecode.c.objc; path = "NSTimer+BPVExtensions.m"; sourceTree = "<group>"; };
		2DA8E98D1D4CF6F60067032D /* NSString+BPVRandomName.h */ = {isa = PBXFileReference; fileEncoding = 4; lastKnownFileType = sourcecode.c.h; path = "NSString+BPVRandomName.h"; sourceTree = "<group>"; };
		2DA8E98E1D4CF6F60067032D /* NSString+BPVRandomName.m */ = {isa = PBXFileReference; fileEncoding = 4; lastKnownFileType = sourcecode.c.objc; path = "NSString+BPVRandomName.m"; sourceTree = "<group>"; };
		2DA8E9901D4CFE5B0067032D /* BPVUsersView.h */ = {isa = PBXFileReference; fileEncoding = 4; lastKnownFileType = sourcecode.c.h; path = BPVUsersView.h; sourceTree = "<group>"; };
		2DA8E9911D4CFE5B0067032D /* BPVUsersView.m */ = {isa = PBXFileReference; fileEncoding = 4; lastKnownFileType = sourcecode.c.objc; path = BPVUsersView.m; sourceTree = "<group>"; };
		2DA8E9951D4D00900067032D /* BPVSupportEntity.h */ = {isa = PBXFileReference; fileEncoding = 4; lastKnownFileType = sourcecode.c.h; path = BPVSupportEntity.h; sourceTree = "<group>"; };
		2DA8E9961D4D00900067032D /* BPVSupportEntity.m */ = {isa = PBXFileReference; fileEncoding = 4; lastKnownFileType = sourcecode.c.objc; path = BPVSupportEntity.m; sourceTree = "<group>"; };
		2DA8E99D1D51DF010067032D /* BPVUserLogo.png */ = {isa = PBXFileReference; lastKnownFileType = image.png; path = BPVUserLogo.png; sourceTree = "<group>"; };
		93D0410507B8541589EE8A52 /* Pods-iOSProjectTests.release.xcconfig */ = {isa = PBXFileReference; includeInIndex = 1; lastKnownFileType = text.xcconfig; name = "Pods-iOSProjectTests.release.xcconfig"; path = "Pods/Target Support Files/Pods-iOSProjectTests/Pods-iOSProjectTests.release.xcconfig"; sourceTree = "<group>"; };
		E14945B9782108B5601F4979 /* libPods-iOSProjectTests.a */ = {isa = PBXFileReference; explicitFileType = archive.ar; includeInIndex = 0; path = "libPods-iOSProjectTests.a"; sourceTree = BUILT_PRODUCTS_DIR; };
/* End PBXFileReference section */

/* Begin PBXFrameworksBuildPhase section */
		2D3F41A51D3F65EB00A38A7B /* Frameworks */ = {
			isa = PBXFrameworksBuildPhase;
			buildActionMask = 2147483647;
			files = (
			);
			runOnlyForDeploymentPostprocessing = 0;
		};
		2D3F41BE1D3F65EB00A38A7B /* Frameworks */ = {
			isa = PBXFrameworksBuildPhase;
			buildActionMask = 2147483647;
			files = (
				90F58E8844B03E008B9F909B /* libPods-iOSProjectTests.a in Frameworks */,
			);
			runOnlyForDeploymentPostprocessing = 0;
		};
		2D3F41C91D3F65EB00A38A7B /* Frameworks */ = {
			isa = PBXFrameworksBuildPhase;
			buildActionMask = 2147483647;
			files = (
			);
			runOnlyForDeploymentPostprocessing = 0;
		};
/* End PBXFrameworksBuildPhase section */

/* Begin PBXGroup section */
		2D3F419F1D3F65EB00A38A7B = {
			isa = PBXGroup;
			children = (
				2D3F42101D40C2C500A38A7B /* Library */,
				2D3F41E31D3F6EB600A38A7B /* Resources */,
				2D3F42421D4C021500A38A7B /* Sources */,
				2D3F41F81D3FA29800A38A7B /* iOSProject */,
				2D3F41C41D3F65EB00A38A7B /* iOSProjectTests */,
				2D3F41CF1D3F65EB00A38A7B /* iOSProjectUITests */,
				2D3F41A91D3F65EB00A38A7B /* Products */,
				901516722A207463FCC40A7F /* Pods */,
				FDA9517A20E05608DA07CB82 /* Frameworks */,
			);
			sourceTree = "<group>";
		};
		2D3F41A91D3F65EB00A38A7B /* Products */ = {
			isa = PBXGroup;
			children = (
				2D3F41A81D3F65EB00A38A7B /* iOSProject.app */,
				2D3F41C11D3F65EB00A38A7B /* iOSProjectTests.xctest */,
				2D3F41CC1D3F65EB00A38A7B /* iOSProjectUITests.xctest */,
			);
			name = Products;
			sourceTree = "<group>";
		};
		2D3F41C41D3F65EB00A38A7B /* iOSProjectTests */ = {
			isa = PBXGroup;
			children = (
				2D3F41F71D3F7E6300A38A7B /* Specs */,
				2D3F41C71D3F65EB00A38A7B /* Info.plist */,
			);
			path = iOSProjectTests;
			sourceTree = "<group>";
		};
		2D3F41CF1D3F65EB00A38A7B /* iOSProjectUITests */ = {
			isa = PBXGroup;
			children = (
				2D3F41D01D3F65EB00A38A7B /* iOSProjectUITests.m */,
				2D3F41D21D3F65EB00A38A7B /* Info.plist */,
			);
			path = iOSProjectUITests;
			sourceTree = "<group>";
		};
		2D3F41E31D3F6EB600A38A7B /* Resources */ = {
			isa = PBXGroup;
			children = (
				2DA8E9981D4D5F490067032D /* Images */,
				2D3F41E41D3F6EB600A38A7B /* Assets.xcassets */,
				2D3F41E51D3F6EB600A38A7B /* LaunchScreen.storyboard */,
				2D3F41E71D3F6EB600A38A7B /* Main.storyboard */,
			);
			path = Resources;
			sourceTree = "<group>";
		};
		2D3F41F71D3F7E6300A38A7B /* Specs */ = {
			isa = PBXGroup;
			children = (
			);
			path = Specs;
			sourceTree = "<group>";
		};
		2D3F41F81D3FA29800A38A7B /* iOSProject */ = {
			isa = PBXGroup;
			children = (
				2D3F41F91D3FA29800A38A7B /* BPVAppDelegate.h */,
				2D3F41FA1D3FA29800A38A7B /* BPVAppDelegate.m */,
				2D3F41FB1D3FA29800A38A7B /* Info.plist */,
				2D3F41FC1D3FA29800A38A7B /* main.m */,
			);
			path = iOSProject;
			sourceTree = SOURCE_ROOT;
		};
		2D3F42101D40C2C500A38A7B /* Library */ = {
			isa = PBXGroup;
			children = (
				2DA8E9631D4CDE610067032D /* Classes */,
				2DA8E95F1D4C89DC0067032D /* BPVObservableObject */,
				2D3F42111D40C2EB00A38A7B /* BPVMacro.h */,
				2D3F42121D40C5D600A38A7B /* BPVMacro.m */,
			);
			path = Library;
			sourceTree = SOURCE_ROOT;
		};
		2D3F42421D4C021500A38A7B /* Sources */ = {
			isa = PBXGroup;
			children = (
				2DA8E97F1D4CE9C30067032D /* Category */,
				2DA8E97B1D4CE83E0067032D /* Models */,
				2D3F42431D4C021500A38A7B /* UI */,
			);
			path = Sources;
			sourceTree = "<group>";
		};
		2D3F42431D4C021500A38A7B /* UI */ = {
			isa = PBXGroup;
			children = (
				2D3F42441D4C021500A38A7B /* BPVSquareViewController */,
				2D3F424A1D4C021500A38A7B /* BPVTableViewController */,
			);
			path = UI;
			sourceTree = "<group>";
		};
		2D3F42441D4C021500A38A7B /* BPVSquareViewController */ = {
			isa = PBXGroup;
			children = (
				2D3F42471D4C021500A38A7B /* BPVSquareViewController.h */,
				2D3F42481D4C021500A38A7B /* BPVSquareViewController.m */,
				2D3F42491D4C021500A38A7B /* BPVSquareViewController.xib */,
				2D3F42451D4C021500A38A7B /* BPVBackgroundView.h */,
				2D3F42461D4C021500A38A7B /* BPVBackgroundView.m */,
			);
			path = BPVSquareViewController;
			sourceTree = "<group>";
		};
		2D3F424A1D4C021500A38A7B /* BPVTableViewController */ = {
			isa = PBXGroup;
			children = (
				2DA8E9681D4CE2FD0067032D /* Views */,
				2DA8E95A1D4C89AE0067032D /* BPVTableViewController.h */,
				2DA8E95B1D4C89AE0067032D /* BPVTableViewController.m */,
				2DA8E95C1D4C89AE0067032D /* BPVTableViewController.xib */,
				2DA8E9901D4CFE5B0067032D /* BPVUsersView.h */,
				2DA8E9911D4CFE5B0067032D /* BPVUsersView.m */,
			);
			path = BPVTableViewController;
			sourceTree = "<group>";
		};
		2DA8E95F1D4C89DC0067032D /* BPVObservableObject */ = {
			isa = PBXGroup;
			children = (
				2DA8E9601D4C89DC0067032D /* BPVObservableObject.h */,
				2DA8E9611D4C89DC0067032D /* BPVObservableObject.m */,
			);
			path = BPVObservableObject;
			sourceTree = "<group>";
		};
		2DA8E9631D4CDE610067032D /* Classes */ = {
			isa = PBXGroup;
			children = (
				2DA8E9641D4CDE610067032D /* BPVTableViewCell */,
			);
			path = Classes;
			sourceTree = "<group>";
		};
		2DA8E9641D4CDE610067032D /* BPVTableViewCell */ = {
			isa = PBXGroup;
			children = (
				2DA8E9651D4CDE880067032D /* BPVTableViewCell.h */,
				2DA8E9661D4CDE880067032D /* BPVTableViewCell.m */,
			);
			path = BPVTableViewCell;
			sourceTree = "<group>";
		};
		2DA8E9681D4CE2FD0067032D /* Views */ = {
			isa = PBXGroup;
			children = (
				2DA8E9691D4CE33A0067032D /* BPVUserCell.h */,
				2DA8E96A1D4CE33A0067032D /* BPVUserCell.m */,
				2DA8E96B1D4CE33A0067032D /* BPVUserCell.xib */,
			);
			path = Views;
			sourceTree = "<group>";
		};
		2DA8E97B1D4CE83E0067032D /* Models */ = {
			isa = PBXGroup;
			children = (
				2DA8E97C1D4CE8940067032D /* BPVUser.h */,
				2DA8E97D1D4CE8940067032D /* BPVUser.m */,
			);
			path = Models;
			sourceTree = "<group>";
		};
		2DA8E97F1D4CE9C30067032D /* Category */ = {
			isa = PBXGroup;
			children = (
				2DA8E9801D4CE9C30067032D /* NSArray+BPVExtentions */,
				2DA8E9831D4CE9C30067032D /* NSString+BPVExtentions */,
				2DA8E9871D4CE9C30067032D /* NSTimer+BPVexteniions */,
			);
			name = Category;
			path = Sources/Category;
			sourceTree = SOURCE_ROOT;
		};
		2DA8E9801D4CE9C30067032D /* NSArray+BPVExtentions */ = {
			isa = PBXGroup;
			children = (
				2DA8E9811D4CE9C30067032D /* NSArray+BPVExtensions.h */,
				2DA8E9821D4CE9C30067032D /* NSArray+BPVExtensions.m */,
			);
			path = "NSArray+BPVExtentions";
			sourceTree = "<group>";
		};
		2DA8E9831D4CE9C30067032D /* NSString+BPVExtentions */ = {
			isa = PBXGroup;
			children = (
				2DA8E9841D4CE9C30067032D /* NSString+BPVExtensions.h */,
				2DA8E9851D4CE9C30067032D /* NSString+BPVExtensions.m */,
				2DA8E9861D4CE9C30067032D /* Private */,
			);
			path = "NSString+BPVExtentions";
			sourceTree = "<group>";
		};
		2DA8E9861D4CE9C30067032D /* Private */ = {
			isa = PBXGroup;
			children = (
				2DA8E98D1D4CF6F60067032D /* NSString+BPVRandomName.h */,
				2DA8E98E1D4CF6F60067032D /* NSString+BPVRandomName.m */,
			);
			path = Private;
			sourceTree = "<group>";
		};
		2DA8E9871D4CE9C30067032D /* NSTimer+BPVexteniions */ = {
			isa = PBXGroup;
			children = (
				2DA8E9881D4CE9C30067032D /* NSTimer+BPVExtensions.h */,
				2DA8E9891D4CE9C30067032D /* NSTimer+BPVExtensions.m */,
				2DA8E9931D4D00900067032D /* Private */,
			);
			path = "NSTimer+BPVexteniions";
			sourceTree = "<group>";
		};
		2DA8E9931D4D00900067032D /* Private */ = {
			isa = PBXGroup;
			children = (
				2DA8E9941D4D00900067032D /* SupportEntity */,
			);
			name = Private;
			path = "Sources/Category/NSTimer+BPVexteniions/Private";
			sourceTree = SOURCE_ROOT;
		};
		2DA8E9941D4D00900067032D /* SupportEntity */ = {
			isa = PBXGroup;
			children = (
				2DA8E9951D4D00900067032D /* BPVSupportEntity.h */,
				2DA8E9961D4D00900067032D /* BPVSupportEntity.m */,
			);
			path = SupportEntity;
			sourceTree = "<group>";
		};
		2DA8E9981D4D5F490067032D /* Images */ = {
			isa = PBXGroup;
			children = (
				2DA8E99D1D51DF010067032D /* BPVUserLogo.png */,
			);
			path = Images;
			sourceTree = "<group>";
		};
		901516722A207463FCC40A7F /* Pods */ = {
			isa = PBXGroup;
			children = (
				2809F6776B7F87F0D9655301 /* Pods-iOSProjectTests.debug.xcconfig */,
				93D0410507B8541589EE8A52 /* Pods-iOSProjectTests.release.xcconfig */,
			);
			name = Pods;
			sourceTree = "<group>";
		};
		FDA9517A20E05608DA07CB82 /* Frameworks */ = {
			isa = PBXGroup;
			children = (
				E14945B9782108B5601F4979 /* libPods-iOSProjectTests.a */,
			);
			name = Frameworks;
			sourceTree = "<group>";
		};
/* End PBXGroup section */

/* Begin PBXNativeTarget section */
		2D3F41A71D3F65EB00A38A7B /* iOSProject */ = {
			isa = PBXNativeTarget;
			buildConfigurationList = 2D3F41D51D3F65EB00A38A7B /* Build configuration list for PBXNativeTarget "iOSProject" */;
			buildPhases = (
				2D3F41A41D3F65EB00A38A7B /* Sources */,
				2D3F41A51D3F65EB00A38A7B /* Frameworks */,
				2D3F41A61D3F65EB00A38A7B /* Resources */,
			);
			buildRules = (
			);
			dependencies = (
			);
			name = iOSProject;
			productName = iOSProject;
			productReference = 2D3F41A81D3F65EB00A38A7B /* iOSProject.app */;
			productType = "com.apple.product-type.application";
		};
		2D3F41C01D3F65EB00A38A7B /* iOSProjectTests */ = {
			isa = PBXNativeTarget;
			buildConfigurationList = 2D3F41D81D3F65EB00A38A7B /* Build configuration list for PBXNativeTarget "iOSProjectTests" */;
			buildPhases = (
				04167594C7F49E454B4A8C00 /* [CP] Check Pods Manifest.lock */,
				2D3F41BD1D3F65EB00A38A7B /* Sources */,
				2D3F41BE1D3F65EB00A38A7B /* Frameworks */,
				2D3F41BF1D3F65EB00A38A7B /* Resources */,
				A14146811778D3901B7FA40F /* [CP] Embed Pods Frameworks */,
				793558D4FA40047FC4981C4D /* [CP] Copy Pods Resources */,
			);
			buildRules = (
			);
			dependencies = (
				2D3F41C31D3F65EB00A38A7B /* PBXTargetDependency */,
			);
			name = iOSProjectTests;
			productName = iOSProjectTests;
			productReference = 2D3F41C11D3F65EB00A38A7B /* iOSProjectTests.xctest */;
			productType = "com.apple.product-type.bundle.unit-test";
		};
		2D3F41CB1D3F65EB00A38A7B /* iOSProjectUITests */ = {
			isa = PBXNativeTarget;
			buildConfigurationList = 2D3F41DB1D3F65EB00A38A7B /* Build configuration list for PBXNativeTarget "iOSProjectUITests" */;
			buildPhases = (
				2D3F41C81D3F65EB00A38A7B /* Sources */,
				2D3F41C91D3F65EB00A38A7B /* Frameworks */,
				2D3F41CA1D3F65EB00A38A7B /* Resources */,
			);
			buildRules = (
			);
			dependencies = (
				2D3F41CE1D3F65EB00A38A7B /* PBXTargetDependency */,
			);
			name = iOSProjectUITests;
			productName = iOSProjectUITests;
			productReference = 2D3F41CC1D3F65EB00A38A7B /* iOSProjectUITests.xctest */;
			productType = "com.apple.product-type.bundle.ui-testing";
		};
/* End PBXNativeTarget section */

/* Begin PBXProject section */
		2D3F41A01D3F65EB00A38A7B /* Project object */ = {
			isa = PBXProject;
			attributes = {
				LastUpgradeCheck = 0730;
				ORGANIZATIONNAME = "Pavel Bondar";
				TargetAttributes = {
					2D3F41A71D3F65EB00A38A7B = {
						CreatedOnToolsVersion = 7.3;
					};
					2D3F41C01D3F65EB00A38A7B = {
						CreatedOnToolsVersion = 7.3;
						TestTargetID = 2D3F41A71D3F65EB00A38A7B;
					};
					2D3F41CB1D3F65EB00A38A7B = {
						CreatedOnToolsVersion = 7.3;
						TestTargetID = 2D3F41A71D3F65EB00A38A7B;
					};
				};
			};
			buildConfigurationList = 2D3F41A31D3F65EB00A38A7B /* Build configuration list for PBXProject "iOSProject" */;
			compatibilityVersion = "Xcode 3.2";
			developmentRegion = English;
			hasScannedForEncodings = 0;
			knownRegions = (
				en,
				Base,
			);
			mainGroup = 2D3F419F1D3F65EB00A38A7B;
			productRefGroup = 2D3F41A91D3F65EB00A38A7B /* Products */;
			projectDirPath = "";
			projectRoot = "";
			targets = (
				2D3F41A71D3F65EB00A38A7B /* iOSProject */,
				2D3F41C01D3F65EB00A38A7B /* iOSProjectTests */,
				2D3F41CB1D3F65EB00A38A7B /* iOSProjectUITests */,
			);
		};
/* End PBXProject section */

/* Begin PBXResourcesBuildPhase section */
		2D3F41A61D3F65EB00A38A7B /* Resources */ = {
			isa = PBXResourcesBuildPhase;
			buildActionMask = 2147483647;
			files = (
				2D3F41FE1D3FA29800A38A7B /* Info.plist in Resources */,
				2D3F41EF1D3F6EB600A38A7B /* LaunchScreen.storyboard in Resources */,
				2D3F41F41D3F6EC500A38A7B /* Assets.xcassets in Resources */,
				2DA8E99E1D51DF010067032D /* BPVUserLogo.png in Resources */,
				2DA8E96D1D4CE33A0067032D /* BPVUserCell.xib in Resources */,
				2D3F41F01D3F6EB600A38A7B /* Main.storyboard in Resources */,
				2DA8E95E1D4C89AE0067032D /* BPVTableViewController.xib in Resources */,
				2D3F424D1D4C021500A38A7B /* BPVSquareViewController.xib in Resources */,
			);
			runOnlyForDeploymentPostprocessing = 0;
		};
		2D3F41BF1D3F65EB00A38A7B /* Resources */ = {
			isa = PBXResourcesBuildPhase;
			buildActionMask = 2147483647;
			files = (
				2D3F41F31D3F6EC400A38A7B /* Assets.xcassets in Resources */,
			);
			runOnlyForDeploymentPostprocessing = 0;
		};
		2D3F41CA1D3F65EB00A38A7B /* Resources */ = {
			isa = PBXResourcesBuildPhase;
			buildActionMask = 2147483647;
			files = (
			);
			runOnlyForDeploymentPostprocessing = 0;
		};
/* End PBXResourcesBuildPhase section */

/* Begin PBXShellScriptBuildPhase section */
		04167594C7F49E454B4A8C00 /* [CP] Check Pods Manifest.lock */ = {
			isa = PBXShellScriptBuildPhase;
			buildActionMask = 2147483647;
			files = (
			);
			inputPaths = (
			);
			name = "[CP] Check Pods Manifest.lock";
			outputPaths = (
			);
			runOnlyForDeploymentPostprocessing = 0;
			shellPath = /bin/sh;
			shellScript = "diff \"${PODS_ROOT}/../Podfile.lock\" \"${PODS_ROOT}/Manifest.lock\" > /dev/null\nif [[ $? != 0 ]] ; then\n    cat << EOM\nerror: The sandbox is not in sync with the Podfile.lock. Run 'pod install' or update your CocoaPods installation.\nEOM\n    exit 1\nfi\n";
			showEnvVarsInLog = 0;
		};
		793558D4FA40047FC4981C4D /* [CP] Copy Pods Resources */ = {
			isa = PBXShellScriptBuildPhase;
			buildActionMask = 2147483647;
			files = (
			);
			inputPaths = (
			);
			name = "[CP] Copy Pods Resources";
			outputPaths = (
			);
			runOnlyForDeploymentPostprocessing = 0;
			shellPath = /bin/sh;
			shellScript = "\"${SRCROOT}/Pods/Target Support Files/Pods-iOSProjectTests/Pods-iOSProjectTests-resources.sh\"\n";
			showEnvVarsInLog = 0;
		};
		A14146811778D3901B7FA40F /* [CP] Embed Pods Frameworks */ = {
			isa = PBXShellScriptBuildPhase;
			buildActionMask = 2147483647;
			files = (
			);
			inputPaths = (
			);
			name = "[CP] Embed Pods Frameworks";
			outputPaths = (
			);
			runOnlyForDeploymentPostprocessing = 0;
			shellPath = /bin/sh;
			shellScript = "\"${SRCROOT}/Pods/Target Support Files/Pods-iOSProjectTests/Pods-iOSProjectTests-frameworks.sh\"\n";
			showEnvVarsInLog = 0;
		};
/* End PBXShellScriptBuildPhase section */

/* Begin PBXSourcesBuildPhase section */
		2D3F41A41D3F65EB00A38A7B /* Sources */ = {
			isa = PBXSourcesBuildPhase;
			buildActionMask = 2147483647;
			files = (
				2DA8E98F1D4CF6F60067032D /* NSString+BPVRandomName.m in Sources */,
				2DA8E9671D4CDE880067032D /* BPVTableViewCell.m in Sources */,
				2DA8E97E1D4CE8940067032D /* BPVUser.m in Sources */,
				2DA8E98C1D4CE9C30067032D /* NSTimer+BPVExtensions.m in Sources */,
				2D3F41FF1D3FA29800A38A7B /* main.m in Sources */,
				2D3F424B1D4C021500A38A7B /* BPVBackgroundView.m in Sources */,
				2DA8E95D1D4C89AE0067032D /* BPVTableViewController.m in Sources */,
				2DA8E9621D4C89DC0067032D /* BPVObservableObject.m in Sources */,
				2D3F42131D40C5D600A38A7B /* BPVMacro.m in Sources */,
				2DA8E98A1D4CE9C30067032D /* NSArray+BPVExtensions.m in Sources */,
				2DA8E9921D4CFE5B0067032D /* BPVUsersView.m in Sources */,
				2DA8E96C1D4CE33A0067032D /* BPVUserCell.m in Sources */,
				2D3F41FD1D3FA29800A38A7B /* BPVAppDelegate.m in Sources */,
				2DA8E98B1D4CE9C30067032D /* NSString+BPVExtensions.m in Sources */,
				2D3F424C1D4C021500A38A7B /* BPVSquareViewController.m in Sources */,
				2DA8E9971D4D00900067032D /* BPVSupportEntity.m in Sources */,
			);
			runOnlyForDeploymentPostprocessing = 0;
		};
		2D3F41BD1D3F65EB00A38A7B /* Sources */ = {
			isa = PBXSourcesBuildPhase;
			buildActionMask = 2147483647;
			files = (
			);
			runOnlyForDeploymentPostprocessing = 0;
		};
		2D3F41C81D3F65EB00A38A7B /* Sources */ = {
			isa = PBXSourcesBuildPhase;
			buildActionMask = 2147483647;
			files = (
				2D3F41D11D3F65EB00A38A7B /* iOSProjectUITests.m in Sources */,
			);
			runOnlyForDeploymentPostprocessing = 0;
		};
/* End PBXSourcesBuildPhase section */

/* Begin PBXTargetDependency section */
		2D3F41C31D3F65EB00A38A7B /* PBXTargetDependency */ = {
			isa = PBXTargetDependency;
			target = 2D3F41A71D3F65EB00A38A7B /* iOSProject */;
			targetProxy = 2D3F41C21D3F65EB00A38A7B /* PBXContainerItemProxy */;
		};
		2D3F41CE1D3F65EB00A38A7B /* PBXTargetDependency */ = {
			isa = PBXTargetDependency;
			target = 2D3F41A71D3F65EB00A38A7B /* iOSProject */;
			targetProxy = 2D3F41CD1D3F65EB00A38A7B /* PBXContainerItemProxy */;
		};
/* End PBXTargetDependency section */

/* Begin PBXVariantGroup section */
		2D3F41E51D3F6EB600A38A7B /* LaunchScreen.storyboard */ = {
			isa = PBXVariantGroup;
			children = (
				2D3F41E61D3F6EB600A38A7B /* Base */,
			);
			name = LaunchScreen.storyboard;
			sourceTree = "<group>";
		};
		2D3F41E71D3F6EB600A38A7B /* Main.storyboard */ = {
			isa = PBXVariantGroup;
			children = (
				2D3F41E81D3F6EB600A38A7B /* Base */,
			);
			name = Main.storyboard;
			sourceTree = "<group>";
		};
/* End PBXVariantGroup section */

/* Begin XCBuildConfiguration section */
		2D3F41D31D3F65EB00A38A7B /* Debug */ = {
			isa = XCBuildConfiguration;
			buildSettings = {
				ALWAYS_SEARCH_USER_PATHS = NO;
				CLANG_ANALYZER_NONNULL = YES;
				CLANG_CXX_LANGUAGE_STANDARD = "gnu++0x";
				CLANG_CXX_LIBRARY = "libc++";
				CLANG_ENABLE_MODULES = YES;
				CLANG_ENABLE_OBJC_ARC = YES;
				CLANG_WARN_BOOL_CONVERSION = YES;
				CLANG_WARN_CONSTANT_CONVERSION = YES;
				CLANG_WARN_DIRECT_OBJC_ISA_USAGE = YES_ERROR;
				CLANG_WARN_EMPTY_BODY = YES;
				CLANG_WARN_ENUM_CONVERSION = YES;
				CLANG_WARN_INT_CONVERSION = YES;
				CLANG_WARN_OBJC_ROOT_CLASS = YES_ERROR;
				CLANG_WARN_UNREACHABLE_CODE = YES;
				CLANG_WARN__DUPLICATE_METHOD_MATCH = YES;
				"CODE_SIGN_IDENTITY[sdk=iphoneos*]" = "iPhone Developer";
				COPY_PHASE_STRIP = NO;
				DEBUG_INFORMATION_FORMAT = dwarf;
				ENABLE_STRICT_OBJC_MSGSEND = YES;
				ENABLE_TESTABILITY = YES;
				GCC_C_LANGUAGE_STANDARD = gnu99;
				GCC_DYNAMIC_NO_PIC = NO;
				GCC_NO_COMMON_BLOCKS = YES;
				GCC_OPTIMIZATION_LEVEL = 0;
				GCC_PREPROCESSOR_DEFINITIONS = (
					"DEBUG=1",
					"$(inherited)",
				);
				GCC_WARN_64_TO_32_BIT_CONVERSION = YES;
				GCC_WARN_ABOUT_RETURN_TYPE = YES_ERROR;
				GCC_WARN_UNDECLARED_SELECTOR = YES;
				GCC_WARN_UNINITIALIZED_AUTOS = YES_AGGRESSIVE;
				GCC_WARN_UNUSED_FUNCTION = YES;
				GCC_WARN_UNUSED_VARIABLE = YES;
				IPHONEOS_DEPLOYMENT_TARGET = 9.3;
				MTL_ENABLE_DEBUG_INFO = YES;
				ONLY_ACTIVE_ARCH = YES;
				SDKROOT = iphoneos;
				TARGETED_DEVICE_FAMILY = "1,2";
			};
			name = Debug;
		};
		2D3F41D41D3F65EB00A38A7B /* Release */ = {
			isa = XCBuildConfiguration;
			buildSettings = {
				ALWAYS_SEARCH_USER_PATHS = NO;
				CLANG_ANALYZER_NONNULL = YES;
				CLANG_CXX_LANGUAGE_STANDARD = "gnu++0x";
				CLANG_CXX_LIBRARY = "libc++";
				CLANG_ENABLE_MODULES = YES;
				CLANG_ENABLE_OBJC_ARC = YES;
				CLANG_WARN_BOOL_CONVERSION = YES;
				CLANG_WARN_CONSTANT_CONVERSION = YES;
				CLANG_WARN_DIRECT_OBJC_ISA_USAGE = YES_ERROR;
				CLANG_WARN_EMPTY_BODY = YES;
				CLANG_WARN_ENUM_CONVERSION = YES;
				CLANG_WARN_INT_CONVERSION = YES;
				CLANG_WARN_OBJC_ROOT_CLASS = YES_ERROR;
				CLANG_WARN_UNREACHABLE_CODE = YES;
				CLANG_WARN__DUPLICATE_METHOD_MATCH = YES;
				"CODE_SIGN_IDENTITY[sdk=iphoneos*]" = "iPhone Developer";
				COPY_PHASE_STRIP = NO;
				DEBUG_INFORMATION_FORMAT = "dwarf-with-dsym";
				ENABLE_NS_ASSERTIONS = NO;
				ENABLE_STRICT_OBJC_MSGSEND = YES;
				GCC_C_LANGUAGE_STANDARD = gnu99;
				GCC_NO_COMMON_BLOCKS = YES;
				GCC_WARN_64_TO_32_BIT_CONVERSION = YES;
				GCC_WARN_ABOUT_RETURN_TYPE = YES_ERROR;
				GCC_WARN_UNDECLARED_SELECTOR = YES;
				GCC_WARN_UNINITIALIZED_AUTOS = YES_AGGRESSIVE;
				GCC_WARN_UNUSED_FUNCTION = YES;
				GCC_WARN_UNUSED_VARIABLE = YES;
				IPHONEOS_DEPLOYMENT_TARGET = 9.3;
				MTL_ENABLE_DEBUG_INFO = NO;
				SDKROOT = iphoneos;
				TARGETED_DEVICE_FAMILY = "1,2";
				VALIDATE_PRODUCT = YES;
			};
			name = Release;
		};
		2D3F41D61D3F65EB00A38A7B /* Debug */ = {
			isa = XCBuildConfiguration;
			buildSettings = {
				ASSETCATALOG_COMPILER_APPICON_NAME = AppIcon;
				INFOPLIST_FILE = iOSProject/Info.plist;
				LD_RUNPATH_SEARCH_PATHS = "$(inherited) @executable_path/Frameworks";
				PRODUCT_BUNDLE_IDENTIFIER = pavelbondar.iOSProject;
				PRODUCT_NAME = "$(TARGET_NAME)";
			};
			name = Debug;
		};
		2D3F41D71D3F65EB00A38A7B /* Release */ = {
			isa = XCBuildConfiguration;
			buildSettings = {
				ASSETCATALOG_COMPILER_APPICON_NAME = AppIcon;
				INFOPLIST_FILE = iOSProject/Info.plist;
				LD_RUNPATH_SEARCH_PATHS = "$(inherited) @executable_path/Frameworks";
				PRODUCT_BUNDLE_IDENTIFIER = pavelbondar.iOSProject;
				PRODUCT_NAME = "$(TARGET_NAME)";
			};
			name = Release;
		};
		2D3F41D91D3F65EB00A38A7B /* Debug */ = {
			isa = XCBuildConfiguration;
			baseConfigurationReference = 2809F6776B7F87F0D9655301 /* Pods-iOSProjectTests.debug.xcconfig */;
			buildSettings = {
				BUNDLE_LOADER = "$(TEST_HOST)";
				INFOPLIST_FILE = iOSProjectTests/Info.plist;
				LD_RUNPATH_SEARCH_PATHS = "$(inherited) @executable_path/Frameworks @loader_path/Frameworks";
				PRODUCT_BUNDLE_IDENTIFIER = pavelbondar.iOSProjectTests;
				PRODUCT_NAME = "$(TARGET_NAME)";
				TEST_HOST = "$(BUILT_PRODUCTS_DIR)/iOSProject.app/iOSProject";
			};
			name = Debug;
		};
		2D3F41DA1D3F65EB00A38A7B /* Release */ = {
			isa = XCBuildConfiguration;
			baseConfigurationReference = 93D0410507B8541589EE8A52 /* Pods-iOSProjectTests.release.xcconfig */;
			buildSettings = {
				BUNDLE_LOADER = "$(TEST_HOST)";
				INFOPLIST_FILE = iOSProjectTests/Info.plist;
				LD_RUNPATH_SEARCH_PATHS = "$(inherited) @executable_path/Frameworks @loader_path/Frameworks";
				PRODUCT_BUNDLE_IDENTIFIER = pavelbondar.iOSProjectTests;
				PRODUCT_NAME = "$(TARGET_NAME)";
				TEST_HOST = "$(BUILT_PRODUCTS_DIR)/iOSProject.app/iOSProject";
			};
			name = Release;
		};
		2D3F41DC1D3F65EB00A38A7B /* Debug */ = {
			isa = XCBuildConfiguration;
			buildSettings = {
				INFOPLIST_FILE = iOSProjectUITests/Info.plist;
				LD_RUNPATH_SEARCH_PATHS = "$(inherited) @executable_path/Frameworks @loader_path/Frameworks";
				PRODUCT_BUNDLE_IDENTIFIER = pavelbondar.iOSProjectUITests;
				PRODUCT_NAME = "$(TARGET_NAME)";
				TEST_TARGET_NAME = iOSProject;
			};
			name = Debug;
		};
		2D3F41DD1D3F65EB00A38A7B /* Release */ = {
			isa = XCBuildConfiguration;
			buildSettings = {
				INFOPLIST_FILE = iOSProjectUITests/Info.plist;
				LD_RUNPATH_SEARCH_PATHS = "$(inherited) @executable_path/Frameworks @loader_path/Frameworks";
				PRODUCT_BUNDLE_IDENTIFIER = pavelbondar.iOSProjectUITests;
				PRODUCT_NAME = "$(TARGET_NAME)";
				TEST_TARGET_NAME = iOSProject;
			};
			name = Release;
		};
/* End XCBuildConfiguration section */

/* Begin XCConfigurationList section */
		2D3F41A31D3F65EB00A38A7B /* Build configuration list for PBXProject "iOSProject" */ = {
			isa = XCConfigurationList;
			buildConfigurations = (
				2D3F41D31D3F65EB00A38A7B /* Debug */,
				2D3F41D41D3F65EB00A38A7B /* Release */,
			);
			defaultConfigurationIsVisible = 0;
			defaultConfigurationName = Release;
		};
		2D3F41D51D3F65EB00A38A7B /* Build configuration list for PBXNativeTarget "iOSProject" */ = {
			isa = XCConfigurationList;
			buildConfigurations = (
				2D3F41D61D3F65EB00A38A7B /* Debug */,
				2D3F41D71D3F65EB00A38A7B /* Release */,
			);
			defaultConfigurationIsVisible = 0;
			defaultConfigurationName = Release;
		};
		2D3F41D81D3F65EB00A38A7B /* Build configuration list for PBXNativeTarget "iOSProjectTests" */ = {
			isa = XCConfigurationList;
			buildConfigurations = (
				2D3F41D91D3F65EB00A38A7B /* Debug */,
				2D3F41DA1D3F65EB00A38A7B /* Release */,
			);
			defaultConfigurationIsVisible = 0;
			defaultConfigurationName = Release;
		};
		2D3F41DB1D3F65EB00A38A7B /* Build configuration list for PBXNativeTarget "iOSProjectUITests" */ = {
			isa = XCConfigurationList;
			buildConfigurations = (
				2D3F41DC1D3F65EB00A38A7B /* Debug */,
				2D3F41DD1D3F65EB00A38A7B /* Release */,
			);
			defaultConfigurationIsVisible = 0;
			defaultConfigurationName = Release;
		};
/* End XCConfigurationList section */
	};
	rootObject = 2D3F41A01D3F65EB00A38A7B /* Project object */;
}
